// !$*UTF8*$!
{
	archiveVersion = 1;
	classes = {
	};
	objectVersion = 46;
	objects = {

/* Begin PBXBuildFile section */
		46C1493F1A48011C005879F1 /* Bolts.framework in Frameworks */ = {isa = PBXBuildFile; fileRef = 46C1493A1A48011C005879F1 /* Bolts.framework */; };
		46C149401A48011C005879F1 /* Parse.framework in Frameworks */ = {isa = PBXBuildFile; fileRef = 46C1493B1A48011C005879F1 /* Parse.framework */; };
		46C149411A48011C005879F1 /* ParseCrashReporting.framework in Frameworks */ = {isa = PBXBuildFile; fileRef = 46C1493C1A48011C005879F1 /* ParseCrashReporting.framework */; };
		46C149421A48011C005879F1 /* ParseFacebookUtils.framework in Frameworks */ = {isa = PBXBuildFile; fileRef = 46C1493D1A48011C005879F1 /* ParseFacebookUtils.framework */; };
		46C149431A48011C005879F1 /* ParseUI.framework in Frameworks */ = {isa = PBXBuildFile; fileRef = 46C1493E1A48011C005879F1 /* ParseUI.framework */; };
		46C1494B1A480138005879F1 /* Bolts.framework in Frameworks */ = {isa = PBXBuildFile; fileRef = 46C149451A480138005879F1 /* Bolts.framework */; };
		46C1494C1A480138005879F1 /* FacebookSDK.framework in Frameworks */ = {isa = PBXBuildFile; fileRef = 46C149461A480138005879F1 /* FacebookSDK.framework */; };
		46C1494D1A480138005879F1 /* FBAudienceNetwork.framework in Frameworks */ = {isa = PBXBuildFile; fileRef = 46C149471A480138005879F1 /* FBAudienceNetwork.framework */; };
		46C1494E1A480138005879F1 /* FBAudienceNetwork.README.txt in Resources */ = {isa = PBXBuildFile; fileRef = 46C149481A480138005879F1 /* FBAudienceNetwork.README.txt */; };
		46C1494F1A480138005879F1 /* LICENSE in Resources */ = {isa = PBXBuildFile; fileRef = 46C149491A480138005879F1 /* LICENSE */; };
		46C149501A480138005879F1 /* README.txt in Resources */ = {isa = PBXBuildFile; fileRef = 46C1494A1A480138005879F1 /* README.txt */; };
		46C149521A480155005879F1 /* AudioToolbox.framework in Frameworks */ = {isa = PBXBuildFile; fileRef = 46C149511A480155005879F1 /* AudioToolbox.framework */; };
		46C149541A480161005879F1 /* CFNetwork.framework in Frameworks */ = {isa = PBXBuildFile; fileRef = 46C149531A480161005879F1 /* CFNetwork.framework */; };
		46C149561A480167005879F1 /* CoreGraphics.framework in Frameworks */ = {isa = PBXBuildFile; fileRef = 46C149551A480167005879F1 /* CoreGraphics.framework */; };
		46C149581A48016C005879F1 /* CoreLocation.framework in Frameworks */ = {isa = PBXBuildFile; fileRef = 46C149571A48016C005879F1 /* CoreLocation.framework */; };
		46C1495A1A480172005879F1 /* MobileCoreServices.framework in Frameworks */ = {isa = PBXBuildFile; fileRef = 46C149591A480172005879F1 /* MobileCoreServices.framework */; };
		46C1495C1A480179005879F1 /* QuartzCore.framework in Frameworks */ = {isa = PBXBuildFile; fileRef = 46C1495B1A480179005879F1 /* QuartzCore.framework */; };
		46C1495E1A48017C005879F1 /* Security.framework in Frameworks */ = {isa = PBXBuildFile; fileRef = 46C1495D1A48017C005879F1 /* Security.framework */; };
		46C149601A480181005879F1 /* StoreKit.framework in Frameworks */ = {isa = PBXBuildFile; fileRef = 46C1495F1A480181005879F1 /* StoreKit.framework */; };
		46C149621A48018A005879F1 /* SystemConfiguration.framework in Frameworks */ = {isa = PBXBuildFile; fileRef = 46C149611A48018A005879F1 /* SystemConfiguration.framework */; };
		46C149641A480190005879F1 /* libz.dylib in Frameworks */ = {isa = PBXBuildFile; fileRef = 46C149631A480190005879F1 /* libz.dylib */; };
		46C149661A480196005879F1 /* libsqlite3.dylib in Frameworks */ = {isa = PBXBuildFile; fileRef = 46C149651A480196005879F1 /* libsqlite3.dylib */; };
		46C1496D1A4804C7005879F1 /* LoadingViewController.swift in Sources */ = {isa = PBXBuildFile; fileRef = 46C1496C1A4804C7005879F1 /* LoadingViewController.swift */; };
		46C1496F1A4804D2005879F1 /* LoginViewController.swift in Sources */ = {isa = PBXBuildFile; fileRef = 46C1496E1A4804D2005879F1 /* LoginViewController.swift */; };
		46C149711A4804E4005879F1 /* HomeViewController.swift in Sources */ = {isa = PBXBuildFile; fileRef = 46C149701A4804E4005879F1 /* HomeViewController.swift */; };
		46D7E9E21A0D5B17008A9481 /* AppDelegate.swift in Sources */ = {isa = PBXBuildFile; fileRef = 46D7E9E11A0D5B17008A9481 /* AppDelegate.swift */; };
		46D7E9E41A0D5B17008A9481 /* ViewController.swift in Sources */ = {isa = PBXBuildFile; fileRef = 46D7E9E31A0D5B17008A9481 /* ViewController.swift */; };
		46D7E9E71A0D5B17008A9481 /* Main.storyboard in Resources */ = {isa = PBXBuildFile; fileRef = 46D7E9E51A0D5B17008A9481 /* Main.storyboard */; };
		46D7E9E91A0D5B17008A9481 /* Images.xcassets in Resources */ = {isa = PBXBuildFile; fileRef = 46D7E9E81A0D5B17008A9481 /* Images.xcassets */; };
		46D7E9EC1A0D5B17008A9481 /* LaunchScreen.xib in Resources */ = {isa = PBXBuildFile; fileRef = 46D7E9EA1A0D5B17008A9481 /* LaunchScreen.xib */; };
		46D7E9F81A0D5B17008A9481 /* board_bulletsTests.swift in Sources */ = {isa = PBXBuildFile; fileRef = 46D7E9F71A0D5B17008A9481 /* board_bulletsTests.swift */; };
/* End PBXBuildFile section */

/* Begin PBXContainerItemProxy section */
		46D7E9F21A0D5B17008A9481 /* PBXContainerItemProxy */ = {
			isa = PBXContainerItemProxy;
			containerPortal = 46D7E9D41A0D5B17008A9481 /* Project object */;
			proxyType = 1;
			remoteGlobalIDString = 46D7E9DB1A0D5B17008A9481;
			remoteInfo = "board bullets";
		};
/* End PBXContainerItemProxy section */

/* Begin PBXFileReference section */
		46C1493A1A48011C005879F1 /* Bolts.framework */ = {isa = PBXFileReference; lastKnownFileType = wrapper.framework; path = Bolts.framework; sourceTree = "<group>"; };
		46C1493B1A48011C005879F1 /* Parse.framework */ = {isa = PBXFileReference; lastKnownFileType = wrapper.framework; path = Parse.framework; sourceTree = "<group>"; };
		46C1493C1A48011C005879F1 /* ParseCrashReporting.framework */ = {isa = PBXFileReference; lastKnownFileType = wrapper.framework; path = ParseCrashReporting.framework; sourceTree = "<group>"; };
		46C1493D1A48011C005879F1 /* ParseFacebookUtils.framework */ = {isa = PBXFileReference; lastKnownFileType = wrapper.framework; path = ParseFacebookUtils.framework; sourceTree = "<group>"; };
		46C1493E1A48011C005879F1 /* ParseUI.framework */ = {isa = PBXFileReference; lastKnownFileType = wrapper.framework; path = ParseUI.framework; sourceTree = "<group>"; };
		46C149451A480138005879F1 /* Bolts.framework */ = {isa = PBXFileReference; lastKnownFileType = wrapper.framework; path = Bolts.framework; sourceTree = "<group>"; };
		46C149461A480138005879F1 /* FacebookSDK.framework */ = {isa = PBXFileReference; lastKnownFileType = wrapper.framework; path = FacebookSDK.framework; sourceTree = "<group>"; };
		46C149471A480138005879F1 /* FBAudienceNetwork.framework */ = {isa = PBXFileReference; lastKnownFileType = wrapper.framework; path = FBAudienceNetwork.framework; sourceTree = "<group>"; };
		46C149481A480138005879F1 /* FBAudienceNetwork.README.txt */ = {isa = PBXFileReference; fileEncoding = 4; lastKnownFileType = text; path = FBAudienceNetwork.README.txt; sourceTree = "<group>"; };
		46C149491A480138005879F1 /* LICENSE */ = {isa = PBXFileReference; fileEncoding = 4; lastKnownFileType = text; path = LICENSE; sourceTree = "<group>"; };
		46C1494A1A480138005879F1 /* README.txt */ = {isa = PBXFileReference; fileEncoding = 4; lastKnownFileType = text; path = README.txt; sourceTree = "<group>"; };
		46C149511A480155005879F1 /* AudioToolbox.framework */ = {isa = PBXFileReference; lastKnownFileType = wrapper.framework; name = AudioToolbox.framework; path = System/Library/Frameworks/AudioToolbox.framework; sourceTree = SDKROOT; };
		46C149531A480161005879F1 /* CFNetwork.framework */ = {isa = PBXFileReference; lastKnownFileType = wrapper.framework; name = CFNetwork.framework; path = System/Library/Frameworks/CFNetwork.framework; sourceTree = SDKROOT; };
		46C149551A480167005879F1 /* CoreGraphics.framework */ = {isa = PBXFileReference; lastKnownFileType = wrapper.framework; name = CoreGraphics.framework; path = System/Library/Frameworks/CoreGraphics.framework; sourceTree = SDKROOT; };
		46C149571A48016C005879F1 /* CoreLocation.framework */ = {isa = PBXFileReference; lastKnownFileType = wrapper.framework; name = CoreLocation.framework; path = System/Library/Frameworks/CoreLocation.framework; sourceTree = SDKROOT; };
		46C149591A480172005879F1 /* MobileCoreServices.framework */ = {isa = PBXFileReference; lastKnownFileType = wrapper.framework; name = MobileCoreServices.framework; path = System/Library/Frameworks/MobileCoreServices.framework; sourceTree = SDKROOT; };
		46C1495B1A480179005879F1 /* QuartzCore.framework */ = {isa = PBXFileReference; lastKnownFileType = wrapper.framework; name = QuartzCore.framework; path = System/Library/Frameworks/QuartzCore.framework; sourceTree = SDKROOT; };
		46C1495D1A48017C005879F1 /* Security.framework */ = {isa = PBXFileReference; lastKnownFileType = wrapper.framework; name = Security.framework; path = System/Library/Frameworks/Security.framework; sourceTree = SDKROOT; };
		46C1495F1A480181005879F1 /* StoreKit.framework */ = {isa = PBXFileReference; lastKnownFileType = wrapper.framework; name = StoreKit.framework; path = System/Library/Frameworks/StoreKit.framework; sourceTree = SDKROOT; };
		46C149611A48018A005879F1 /* SystemConfiguration.framework */ = {isa = PBXFileReference; lastKnownFileType = wrapper.framework; name = SystemConfiguration.framework; path = System/Library/Frameworks/SystemConfiguration.framework; sourceTree = SDKROOT; };
		46C149631A480190005879F1 /* libz.dylib */ = {isa = PBXFileReference; lastKnownFileType = "compiled.mach-o.dylib"; name = libz.dylib; path = usr/lib/libz.dylib; sourceTree = SDKROOT; };
		46C149651A480196005879F1 /* libsqlite3.dylib */ = {isa = PBXFileReference; lastKnownFileType = "compiled.mach-o.dylib"; name = libsqlite3.dylib; path = usr/lib/libsqlite3.dylib; sourceTree = SDKROOT; };
		46C149681A48028C005879F1 /* board bullets-Bridging-Header.h */ = {isa = PBXFileReference; lastKnownFileType = sourcecode.c.h; path = "board bullets-Bridging-Header.h"; sourceTree = "<group>"; };
		46C1496C1A4804C7005879F1 /* LoadingViewController.swift */ = {isa = PBXFileReference; fileEncoding = 4; lastKnownFileType = sourcecode.swift; path = LoadingViewController.swift; sourceTree = "<group>"; };
		46C1496E1A4804D2005879F1 /* LoginViewController.swift */ = {isa = PBXFileReference; fileEncoding = 4; lastKnownFileType = sourcecode.swift; path = LoginViewController.swift; sourceTree = "<group>"; };
		46C149701A4804E4005879F1 /* HomeViewController.swift */ = {isa = PBXFileReference; fileEncoding = 4; lastKnownFileType = sourcecode.swift; path = HomeViewController.swift; sourceTree = "<group>"; };
		46D7E9DC1A0D5B17008A9481 /* board bullets.app */ = {isa = PBXFileReference; explicitFileType = wrapper.application; includeInIndex = 0; path = "board bullets.app"; sourceTree = BUILT_PRODUCTS_DIR; };
		46D7E9E01A0D5B17008A9481 /* Info.plist */ = {isa = PBXFileReference; lastKnownFileType = text.plist.xml; path = Info.plist; sourceTree = "<group>"; };
		46D7E9E11A0D5B17008A9481 /* AppDelegate.swift */ = {isa = PBXFileReference; lastKnownFileType = sourcecode.swift; path = AppDelegate.swift; sourceTree = "<group>"; };
		46D7E9E31A0D5B17008A9481 /* ViewController.swift */ = {isa = PBXFileReference; lastKnownFileType = sourcecode.swift; path = ViewController.swift; sourceTree = "<group>"; };
		46D7E9E61A0D5B17008A9481 /* Base */ = {isa = PBXFileReference; lastKnownFileType = file.storyboard; name = Base; path = Base.lproj/Main.storyboard; sourceTree = "<group>"; };
		46D7E9E81A0D5B17008A9481 /* Images.xcassets */ = {isa = PBXFileReference; lastKnownFileType = folder.assetcatalog; path = Images.xcassets; sourceTree = "<group>"; };
		46D7E9EB1A0D5B17008A9481 /* Base */ = {isa = PBXFileReference; lastKnownFileType = file.xib; name = Base; path = Base.lproj/LaunchScreen.xib; sourceTree = "<group>"; };
		46D7E9F11A0D5B17008A9481 /* board bulletsTests.xctest */ = {isa = PBXFileReference; explicitFileType = wrapper.cfbundle; includeInIndex = 0; path = "board bulletsTests.xctest"; sourceTree = BUILT_PRODUCTS_DIR; };
		46D7E9F61A0D5B17008A9481 /* Info.plist */ = {isa = PBXFileReference; lastKnownFileType = text.plist.xml; path = Info.plist; sourceTree = "<group>"; };
		46D7E9F71A0D5B17008A9481 /* board_bulletsTests.swift */ = {isa = PBXFileReference; lastKnownFileType = sourcecode.swift; path = board_bulletsTests.swift; sourceTree = "<group>"; };
/* End PBXFileReference section */

/* Begin PBXFrameworksBuildPhase section */
		46D7E9D91A0D5B17008A9481 /* Frameworks */ = {
			isa = PBXFrameworksBuildPhase;
			buildActionMask = 2147483647;
			files = (
				46C149661A480196005879F1 /* libsqlite3.dylib in Frameworks */,
				46C149641A480190005879F1 /* libz.dylib in Frameworks */,
				46C149621A48018A005879F1 /* SystemConfiguration.framework in Frameworks */,
				46C149601A480181005879F1 /* StoreKit.framework in Frameworks */,
				46C1495E1A48017C005879F1 /* Security.framework in Frameworks */,
				46C1495C1A480179005879F1 /* QuartzCore.framework in Frameworks */,
				46C1495A1A480172005879F1 /* MobileCoreServices.framework in Frameworks */,
				46C149581A48016C005879F1 /* CoreLocation.framework in Frameworks */,
				46C149561A480167005879F1 /* CoreGraphics.framework in Frameworks */,
				46C149541A480161005879F1 /* CFNetwork.framework in Frameworks */,
				46C149521A480155005879F1 /* AudioToolbox.framework in Frameworks */,
				46C149401A48011C005879F1 /* Parse.framework in Frameworks */,
				46C149411A48011C005879F1 /* ParseCrashReporting.framework in Frameworks */,
				46C149431A48011C005879F1 /* ParseUI.framework in Frameworks */,
				46C1494B1A480138005879F1 /* Bolts.framework in Frameworks */,
				46C149421A48011C005879F1 /* ParseFacebookUtils.framework in Frameworks */,
				46C1493F1A48011C005879F1 /* Bolts.framework in Frameworks */,
				46C1494C1A480138005879F1 /* FacebookSDK.framework in Frameworks */,
				46C1494D1A480138005879F1 /* FBAudienceNetwork.framework in Frameworks */,
			);
			runOnlyForDeploymentPostprocessing = 0;
		};
		46D7E9EE1A0D5B17008A9481 /* Frameworks */ = {
			isa = PBXFrameworksBuildPhase;
			buildActionMask = 2147483647;
			files = (
			);
			runOnlyForDeploymentPostprocessing = 0;
		};
/* End PBXFrameworksBuildPhase section */

/* Begin PBXGroup section */
		46C149391A48011C005879F1 /* parse-library-1.6.1 */ = {
			isa = PBXGroup;
			children = (
				46C1493A1A48011C005879F1 /* Bolts.framework */,
				46C1493B1A48011C005879F1 /* Parse.framework */,
				46C1493C1A48011C005879F1 /* ParseCrashReporting.framework */,
				46C1493D1A48011C005879F1 /* ParseFacebookUtils.framework */,
				46C1493E1A48011C005879F1 /* ParseUI.framework */,
			);
			name = "parse-library-1.6.1";
			path = "board bullets/parse-library-1.6.1";
			sourceTree = "<group>";
		};
		46C149441A480138005879F1 /* FacebookSDK */ = {
			isa = PBXGroup;
			children = (
				46C149451A480138005879F1 /* Bolts.framework */,
				46C149461A480138005879F1 /* FacebookSDK.framework */,
				46C149471A480138005879F1 /* FBAudienceNetwork.framework */,
				46C149481A480138005879F1 /* FBAudienceNetwork.README.txt */,
				46C149491A480138005879F1 /* LICENSE */,
				46C1494A1A480138005879F1 /* README.txt */,
			);
			name = FacebookSDK;
			path = "board bullets/FacebookSDK";
			sourceTree = "<group>";
		};
		46C149671A4801FE005879F1 /* Frameworks */ = {
			isa = PBXGroup;
			children = (
				46C149391A48011C005879F1 /* parse-library-1.6.1 */,
				46C149651A480196005879F1 /* libsqlite3.dylib */,
				46C149441A480138005879F1 /* FacebookSDK */,
				46C149631A480190005879F1 /* libz.dylib */,
				46C149611A48018A005879F1 /* SystemConfiguration.framework */,
				46C1495F1A480181005879F1 /* StoreKit.framework */,
				46C1495D1A48017C005879F1 /* Security.framework */,
				46C1495B1A480179005879F1 /* QuartzCore.framework */,
				46C149591A480172005879F1 /* MobileCoreServices.framework */,
				46C149571A48016C005879F1 /* CoreLocation.framework */,
				46C149551A480167005879F1 /* CoreGraphics.framework */,
				46C149531A480161005879F1 /* CFNetwork.framework */,
				46C149511A480155005879F1 /* AudioToolbox.framework */,
			);
			name = Frameworks;
			sourceTree = "<group>";
		};
		46D7E9D31A0D5B17008A9481 = {
			isa = PBXGroup;
			children = (
				46D7E9DE1A0D5B17008A9481 /* board bullets */,
				46C149671A4801FE005879F1 /* Frameworks */,
				46D7E9F41A0D5B17008A9481 /* board bulletsTests */,
				46D7E9DD1A0D5B17008A9481 /* Products */,
			);
			sourceTree = "<group>";
		};
		46D7E9DD1A0D5B17008A9481 /* Products */ = {
			isa = PBXGroup;
			children = (
				46D7E9DC1A0D5B17008A9481 /* board bullets.app */,
				46D7E9F11A0D5B17008A9481 /* board bulletsTests.xctest */,
			);
			name = Products;
			sourceTree = "<group>";
		};
		46D7E9DE1A0D5B17008A9481 /* board bullets */ = {
			isa = PBXGroup;
			children = (
				46D7E9E11A0D5B17008A9481 /* AppDelegate.swift */,
				46D7E9E31A0D5B17008A9481 /* ViewController.swift */,
				46C1496C1A4804C7005879F1 /* LoadingViewController.swift */,
				46C1496E1A4804D2005879F1 /* LoginViewController.swift */,
				46C149701A4804E4005879F1 /* HomeViewController.swift */,
				46D7E9E51A0D5B17008A9481 /* Main.storyboard */,
				46D7E9E81A0D5B17008A9481 /* Images.xcassets */,
				46D7E9EA1A0D5B17008A9481 /* LaunchScreen.xib */,
				46D7E9DF1A0D5B17008A9481 /* Supporting Files */,
			);
			path = "board bullets";
			sourceTree = "<group>";
		};
		46D7E9DF1A0D5B17008A9481 /* Supporting Files */ = {
			isa = PBXGroup;
			children = (
				46C149681A48028C005879F1 /* board bullets-Bridging-Header.h */,
				46D7E9E01A0D5B17008A9481 /* Info.plist */,
			);
			name = "Supporting Files";
			sourceTree = "<group>";
		};
		46D7E9F41A0D5B17008A9481 /* board bulletsTests */ = {
			isa = PBXGroup;
			children = (
				46D7E9F71A0D5B17008A9481 /* board_bulletsTests.swift */,
				46D7E9F51A0D5B17008A9481 /* Supporting Files */,
			);
			path = "board bulletsTests";
			sourceTree = "<group>";
		};
		46D7E9F51A0D5B17008A9481 /* Supporting Files */ = {
			isa = PBXGroup;
			children = (
				46D7E9F61A0D5B17008A9481 /* Info.plist */,
			);
			name = "Supporting Files";
			sourceTree = "<group>";
		};
/* End PBXGroup section */

/* Begin PBXNativeTarget section */
		46D7E9DB1A0D5B17008A9481 /* board bullets */ = {
			isa = PBXNativeTarget;
			buildConfigurationList = 46D7E9FB1A0D5B17008A9481 /* Build configuration list for PBXNativeTarget "board bullets" */;
			buildPhases = (
				46D7E9D81A0D5B17008A9481 /* Sources */,
				46D7E9D91A0D5B17008A9481 /* Frameworks */,
				46D7E9DA1A0D5B17008A9481 /* Resources */,
			);
			buildRules = (
			);
			dependencies = (
			);
			name = "board bullets";
			productName = "board bullets";
			productReference = 46D7E9DC1A0D5B17008A9481 /* board bullets.app */;
			productType = "com.apple.product-type.application";
		};
		46D7E9F01A0D5B17008A9481 /* board bulletsTests */ = {
			isa = PBXNativeTarget;
			buildConfigurationList = 46D7E9FE1A0D5B17008A9481 /* Build configuration list for PBXNativeTarget "board bulletsTests" */;
			buildPhases = (
				46D7E9ED1A0D5B17008A9481 /* Sources */,
				46D7E9EE1A0D5B17008A9481 /* Frameworks */,
				46D7E9EF1A0D5B17008A9481 /* Resources */,
			);
			buildRules = (
			);
			dependencies = (
				46D7E9F31A0D5B17008A9481 /* PBXTargetDependency */,
			);
			name = "board bulletsTests";
			productName = "board bulletsTests";
			productReference = 46D7E9F11A0D5B17008A9481 /* board bulletsTests.xctest */;
			productType = "com.apple.product-type.bundle.unit-test";
		};
/* End PBXNativeTarget section */

/* Begin PBXProject section */
		46D7E9D41A0D5B17008A9481 /* Project object */ = {
			isa = PBXProject;
			attributes = {
				LastUpgradeCheck = 0610;
				ORGANIZATIONNAME = asb;
				TargetAttributes = {
					46D7E9DB1A0D5B17008A9481 = {
						CreatedOnToolsVersion = 6.1;
					};
					46D7E9F01A0D5B17008A9481 = {
						CreatedOnToolsVersion = 6.1;
						TestTargetID = 46D7E9DB1A0D5B17008A9481;
					};
				};
			};
			buildConfigurationList = 46D7E9D71A0D5B17008A9481 /* Build configuration list for PBXProject "board bullets" */;
			compatibilityVersion = "Xcode 3.2";
			developmentRegion = English;
			hasScannedForEncodings = 0;
			knownRegions = (
				en,
				Base,
			);
			mainGroup = 46D7E9D31A0D5B17008A9481;
			productRefGroup = 46D7E9DD1A0D5B17008A9481 /* Products */;
			projectDirPath = "";
			projectRoot = "";
			targets = (
				46D7E9DB1A0D5B17008A9481 /* board bullets */,
				46D7E9F01A0D5B17008A9481 /* board bulletsTests */,
			);
		};
/* End PBXProject section */

/* Begin PBXResourcesBuildPhase section */
		46D7E9DA1A0D5B17008A9481 /* Resources */ = {
			isa = PBXResourcesBuildPhase;
			buildActionMask = 2147483647;
			files = (
				46D7E9E71A0D5B17008A9481 /* Main.storyboard in Resources */,
				46D7E9EC1A0D5B17008A9481 /* LaunchScreen.xib in Resources */,
				46C1494E1A480138005879F1 /* FBAudienceNetwork.README.txt in Resources */,
				46D7E9E91A0D5B17008A9481 /* Images.xcassets in Resources */,
				46C149501A480138005879F1 /* README.txt in Resources */,
				46C1494F1A480138005879F1 /* LICENSE in Resources */,
			);
			runOnlyForDeploymentPostprocessing = 0;
		};
		46D7E9EF1A0D5B17008A9481 /* Resources */ = {
			isa = PBXResourcesBuildPhase;
			buildActionMask = 2147483647;
			files = (
			);
			runOnlyForDeploymentPostprocessing = 0;
		};
/* End PBXResourcesBuildPhase section */

/* Begin PBXSourcesBuildPhase section */
		46D7E9D81A0D5B17008A9481 /* Sources */ = {
			isa = PBXSourcesBuildPhase;
			buildActionMask = 2147483647;
			files = (
				46C149711A4804E4005879F1 /* HomeViewController.swift in Sources */,
				46C1496F1A4804D2005879F1 /* LoginViewController.swift in Sources */,
				46D7E9E41A0D5B17008A9481 /* ViewController.swift in Sources */,
				46D7E9E21A0D5B17008A9481 /* AppDelegate.swift in Sources */,
				46C1496D1A4804C7005879F1 /* LoadingViewController.swift in Sources */,
			);
			runOnlyForDeploymentPostprocessing = 0;
		};
		46D7E9ED1A0D5B17008A9481 /* Sources */ = {
			isa = PBXSourcesBuildPhase;
			buildActionMask = 2147483647;
			files = (
				46D7E9F81A0D5B17008A9481 /* board_bulletsTests.swift in Sources */,
			);
			runOnlyForDeploymentPostprocessing = 0;
		};
/* End PBXSourcesBuildPhase section */

/* Begin PBXTargetDependency section */
		46D7E9F31A0D5B17008A9481 /* PBXTargetDependency */ = {
			isa = PBXTargetDependency;
			target = 46D7E9DB1A0D5B17008A9481 /* board bullets */;
			targetProxy = 46D7E9F21A0D5B17008A9481 /* PBXContainerItemProxy */;
		};
/* End PBXTargetDependency section */

/* Begin PBXVariantGroup section */
		46D7E9E51A0D5B17008A9481 /* Main.storyboard */ = {
			isa = PBXVariantGroup;
			children = (
				46D7E9E61A0D5B17008A9481 /* Base */,
			);
			name = Main.storyboard;
			sourceTree = "<group>";
		};
		46D7E9EA1A0D5B17008A9481 /* LaunchScreen.xib */ = {
			isa = PBXVariantGroup;
			children = (
				46D7E9EB1A0D5B17008A9481 /* Base */,
			);
			name = LaunchScreen.xib;
			sourceTree = "<group>";
		};
/* End PBXVariantGroup section */

/* Begin XCBuildConfiguration section */
		46D7E9F91A0D5B17008A9481 /* Debug */ = {
			isa = XCBuildConfiguration;
			buildSettings = {
				ALWAYS_SEARCH_USER_PATHS = NO;
				CLANG_CXX_LANGUAGE_STANDARD = "gnu++0x";
				CLANG_CXX_LIBRARY = "libc++";
				CLANG_ENABLE_MODULES = YES;
				CLANG_ENABLE_OBJC_ARC = YES;
				CLANG_WARN_BOOL_CONVERSION = YES;
				CLANG_WARN_CONSTANT_CONVERSION = YES;
				CLANG_WARN_DIRECT_OBJC_ISA_USAGE = YES_ERROR;
				CLANG_WARN_EMPTY_BODY = YES;
				CLANG_WARN_ENUM_CONVERSION = YES;
				CLANG_WARN_INT_CONVERSION = YES;
				CLANG_WARN_OBJC_ROOT_CLASS = YES_ERROR;
				CLANG_WARN_UNREACHABLE_CODE = YES;
				CLANG_WARN__DUPLICATE_METHOD_MATCH = YES;
				"CODE_SIGN_IDENTITY[sdk=iphoneos*]" = "iPhone Developer";
				COPY_PHASE_STRIP = NO;
				ENABLE_STRICT_OBJC_MSGSEND = YES;
				GCC_C_LANGUAGE_STANDARD = gnu99;
				GCC_DYNAMIC_NO_PIC = NO;
				GCC_OPTIMIZATION_LEVEL = 0;
				GCC_PREPROCESSOR_DEFINITIONS = (
					"DEBUG=1",
					"$(inherited)",
				);
				GCC_SYMBOLS_PRIVATE_EXTERN = NO;
				GCC_WARN_64_TO_32_BIT_CONVERSION = YES;
				GCC_WARN_ABOUT_RETURN_TYPE = YES_ERROR;
				GCC_WARN_UNDECLARED_SELECTOR = YES;
				GCC_WARN_UNINITIALIZED_AUTOS = YES_AGGRESSIVE;
				GCC_WARN_UNUSED_FUNCTION = YES;
				GCC_WARN_UNUSED_VARIABLE = YES;
				IPHONEOS_DEPLOYMENT_TARGET = 7.1;
				MTL_ENABLE_DEBUG_INFO = YES;
				ONLY_ACTIVE_ARCH = YES;
				SDKROOT = iphoneos;
				SWIFT_OPTIMIZATION_LEVEL = "-Onone";
			};
			name = Debug;
		};
		46D7E9FA1A0D5B17008A9481 /* Release */ = {
			isa = XCBuildConfiguration;
			buildSettings = {
				ALWAYS_SEARCH_USER_PATHS = NO;
				CLANG_CXX_LANGUAGE_STANDARD = "gnu++0x";
				CLANG_CXX_LIBRARY = "libc++";
				CLANG_ENABLE_MODULES = YES;
				CLANG_ENABLE_OBJC_ARC = YES;
				CLANG_WARN_BOOL_CONVERSION = YES;
				CLANG_WARN_CONSTANT_CONVERSION = YES;
				CLANG_WARN_DIRECT_OBJC_ISA_USAGE = YES_ERROR;
				CLANG_WARN_EMPTY_BODY = YES;
				CLANG_WARN_ENUM_CONVERSION = YES;
				CLANG_WARN_INT_CONVERSION = YES;
				CLANG_WARN_OBJC_ROOT_CLASS = YES_ERROR;
				CLANG_WARN_UNREACHABLE_CODE = YES;
				CLANG_WARN__DUPLICATE_METHOD_MATCH = YES;
				"CODE_SIGN_IDENTITY[sdk=iphoneos*]" = "iPhone Developer";
				COPY_PHASE_STRIP = YES;
				ENABLE_NS_ASSERTIONS = NO;
				ENABLE_STRICT_OBJC_MSGSEND = YES;
				GCC_C_LANGUAGE_STANDARD = gnu99;
				GCC_WARN_64_TO_32_BIT_CONVERSION = YES;
				GCC_WARN_ABOUT_RETURN_TYPE = YES_ERROR;
				GCC_WARN_UNDECLARED_SELECTOR = YES;
				GCC_WARN_UNINITIALIZED_AUTOS = YES_AGGRESSIVE;
				GCC_WARN_UNUSED_FUNCTION = YES;
				GCC_WARN_UNUSED_VARIABLE = YES;
				IPHONEOS_DEPLOYMENT_TARGET = 7.1;
				MTL_ENABLE_DEBUG_INFO = NO;
				SDKROOT = iphoneos;
				VALIDATE_PRODUCT = YES;
			};
			name = Release;
		};
		46D7E9FC1A0D5B17008A9481 /* Debug */ = {
			isa = XCBuildConfiguration;
			buildSettings = {
				ASSETCATALOG_COMPILER_APPICON_NAME = AppIcon;
				CLANG_ENABLE_MODULES = YES;
				FRAMEWORK_SEARCH_PATHS = (
					"$(inherited)",
					"$(PROJECT_DIR)/board",
					"bullets/parse-library-1.6.1",
					"$(PROJECT_DIR)/board",
					bullets/FacebookSDK,
				);
				INFOPLIST_FILE = "board bullets/Info.plist";
				LD_RUNPATH_SEARCH_PATHS = "$(inherited) @executable_path/Frameworks";
				PRODUCT_NAME = "$(TARGET_NAME)";
				SWIFT_OBJC_BRIDGING_HEADER = "board bullets/board bullets-Bridging-Header.h";
				SWIFT_OPTIMIZATION_LEVEL = "-Onone";
			};
			name = Debug;
		};
		46D7E9FD1A0D5B17008A9481 /* Release */ = {
			isa = XCBuildConfiguration;
			buildSettings = {
				ASSETCATALOG_COMPILER_APPICON_NAME = AppIcon;
				CLANG_ENABLE_MODULES = YES;
				FRAMEWORK_SEARCH_PATHS = (
					"$(inherited)",
					"$(PROJECT_DIR)/board",
					"bullets/parse-library-1.6.1",
					"$(PROJECT_DIR)/board",
					bullets/FacebookSDK,
				);
				INFOPLIST_FILE = "board bullets/Info.plist";
				LD_RUNPATH_SEARCH_PATHS = "$(inherited) @executable_path/Frameworks";
				PRODUCT_NAME = "$(TARGET_NAME)";
				SWIFT_OBJC_BRIDGING_HEADER = "board bullets/board bullets-Bridging-Header.h";
			};
			name = Release;
		};
		46D7E9FF1A0D5B17008A9481 /* Debug */ = {
			isa = XCBuildConfiguration;
			buildSettings = {
				BUNDLE_LOADER = "$(TEST_HOST)";
				FRAMEWORK_SEARCH_PATHS = (
					"$(SDKROOT)/Developer/Library/Frameworks",
					"$(inherited)",
				);
				GCC_PREPROCESSOR_DEFINITIONS = (
					"DEBUG=1",
					"$(inherited)",
				);
				INFOPLIST_FILE = "board bulletsTests/Info.plist";
				LD_RUNPATH_SEARCH_PATHS = "$(inherited) @executable_path/Frameworks @loader_path/Frameworks";
				PRODUCT_NAME = "$(TARGET_NAME)";
				TEST_HOST = "$(BUILT_PRODUCTS_DIR)/board bullets.app/board bullets";
			};
			name = Debug;
		};
		46D7EA001A0D5B17008A9481 /* Release */ = {
			isa = XCBuildConfiguration;
			buildSettings = {
				BUNDLE_LOADER = "$(TEST_HOST)";
				FRAMEWORK_SEARCH_PATHS = (
					"$(SDKROOT)/Developer/Library/Frameworks",
					"$(inherited)",
				);
				INFOPLIST_FILE = "board bulletsTests/Info.plist";
				LD_RUNPATH_SEARCH_PATHS = "$(inherited) @executable_path/Frameworks @loader_path/Frameworks";
				PRODUCT_NAME = "$(TARGET_NAME)";
				TEST_HOST = "$(BUILT_PRODUCTS_DIR)/board bullets.app/board bullets";
			};
			name = Release;
		};
/* End XCBuildConfiguration section */

/* Begin XCConfigurationList section */
		46D7E9D71A0D5B17008A9481 /* Build configuration list for PBXProject "board bullets" */ = {
			isa = XCConfigurationList;
			buildConfigurations = (
				46D7E9F91A0D5B17008A9481 /* Debug */,
				46D7E9FA1A0D5B17008A9481 /* Release */,
			);
			defaultConfigurationIsVisible = 0;
			defaultConfigurationName = Release;
		};
		46D7E9FB1A0D5B17008A9481 /* Build configuration list for PBXNativeTarget "board bullets" */ = {
			isa = XCConfigurationList;
			buildConfigurations = (
				46D7E9FC1A0D5B17008A9481 /* Debug */,
				46D7E9FD1A0D5B17008A9481 /* Release */,
			);
			defaultConfigurationIsVisible = 0;
			defaultConfigurationName = Release;
		};
		46D7E9FE1A0D5B17008A9481 /* Build configuration list for PBXNativeTarget "board bulletsTests" */ = {
			isa = XCConfigurationList;
			buildConfigurations = (
				46D7E9FF1A0D5B17008A9481 /* Debug */,
				46D7EA001A0D5B17008A9481 /* Release */,
			);
			defaultConfigurationIsVisible = 0;
			defaultConfigurationName = Release;
		};
/* End XCConfigurationList section */
	};
	rootObject = 46D7E9D41A0D5B17008A9481 /* Project object */;
}
