<?xml version="1.0" encoding="UTF-8"?>
<!DOCTYPE plist PUBLIC "-//Apple//DTD PLIST 1.0//EN" "http://www.apple.com/DTDs/PropertyList-1.0.dtd">
<plist version="1.0">
<dict>
	<key>archiveVersion</key>
	<string>1</string>
	<key>classes</key>
	<dict/>
	<key>objectVersion</key>
	<string>46</string>
	<key>objects</key>
	<dict>
		<key>3500D8690D773C2BC616B070</key>
		<dict>
			<key>buildActionMask</key>
			<string>2147483647</string>
			<key>files</key>
			<array/>
			<key>inputPaths</key>
			<array/>
			<key>isa</key>
			<string>PBXShellScriptBuildPhase</string>
			<key>name</key>
			<string>Check Pods Manifest.lock</string>
			<key>outputPaths</key>
			<array/>
			<key>runOnlyForDeploymentPostprocessing</key>
			<string>0</string>
			<key>shellPath</key>
			<string>/bin/sh</string>
			<key>shellScript</key>
			<string>diff "${PODS_ROOT}/../Podfile.lock" "${PODS_ROOT}/Manifest.lock" &gt; /dev/null
if [[ $? != 0 ]] ; then
    cat &lt;&lt; EOM
error: The sandbox is not in sync with the Podfile.lock. Run 'pod install' or update your CocoaPods installation.
EOM
    exit 1
fi
</string>
			<key>showEnvVarsInLog</key>
			<string>0</string>
		</dict>
		<key>38B4269E66430636104FE1BD</key>
		<dict>
			<key>fileRef</key>
			<string>7FA5F91424797CEA6B48C47F</string>
			<key>isa</key>
			<string>PBXBuildFile</string>
		</dict>
		<key>461686A21A620B0700BC69A9</key>
		<dict>
			<key>fileEncoding</key>
			<string>4</string>
			<key>isa</key>
			<string>PBXFileReference</string>
			<key>lastKnownFileType</key>
			<string>sourcecode.swift</string>
			<key>path</key>
			<string>CircularEdgeTextField.swift</string>
			<key>sourceTree</key>
			<string>&lt;group&gt;</string>
		</dict>
		<key>461686A31A620B0700BC69A9</key>
		<dict>
			<key>fileRef</key>
			<string>461686A21A620B0700BC69A9</string>
			<key>isa</key>
			<string>PBXBuildFile</string>
		</dict>
		<key>467770D71A687E0A00A5F386</key>
		<dict>
			<key>fileEncoding</key>
			<string>4</string>
			<key>isa</key>
			<string>PBXFileReference</string>
			<key>lastKnownFileType</key>
			<string>sourcecode.swift</string>
			<key>path</key>
			<string>QuizDoneViewController.swift</string>
			<key>sourceTree</key>
			<string>&lt;group&gt;</string>
		</dict>
		<key>467770D81A687E0A00A5F386</key>
		<dict>
			<key>fileRef</key>
			<string>467770D71A687E0A00A5F386</string>
			<key>isa</key>
			<string>PBXBuildFile</string>
		</dict>
		<key>467770D91A68866B00A5F386</key>
		<dict>
			<key>children</key>
			<array>
				<string>467770DA1A68866B00A5F386</string>
				<string>467770DB1A68866B00A5F386</string>
				<string>467770DC1A68866B00A5F386</string>
				<string>467770DD1A68866B00A5F386</string>
				<string>467770DE1A68866B00A5F386</string>
				<string>467770DF1A68866B00A5F386</string>
			</array>
			<key>isa</key>
			<string>PBXGroup</string>
			<key>path</key>
			<string>FacebookSDK</string>
			<key>sourceTree</key>
			<string>&lt;group&gt;</string>
		</dict>
		<key>467770DA1A68866B00A5F386</key>
		<dict>
			<key>isa</key>
			<string>PBXFileReference</string>
			<key>lastKnownFileType</key>
			<string>wrapper.framework</string>
			<key>path</key>
			<string>Bolts.framework</string>
			<key>sourceTree</key>
			<string>&lt;group&gt;</string>
		</dict>
		<key>467770DB1A68866B00A5F386</key>
		<dict>
			<key>isa</key>
			<string>PBXFileReference</string>
			<key>lastKnownFileType</key>
			<string>wrapper.framework</string>
			<key>path</key>
			<string>FacebookSDK.framework</string>
			<key>sourceTree</key>
			<string>&lt;group&gt;</string>
		</dict>
		<key>467770DC1A68866B00A5F386</key>
		<dict>
			<key>isa</key>
			<string>PBXFileReference</string>
			<key>lastKnownFileType</key>
			<string>wrapper.framework</string>
			<key>path</key>
			<string>FBAudienceNetwork.framework</string>
			<key>sourceTree</key>
			<string>&lt;group&gt;</string>
		</dict>
		<key>467770DD1A68866B00A5F386</key>
		<dict>
			<key>fileEncoding</key>
			<string>4</string>
			<key>isa</key>
			<string>PBXFileReference</string>
			<key>lastKnownFileType</key>
			<string>text</string>
			<key>path</key>
			<string>FBAudienceNetwork.README.txt</string>
			<key>sourceTree</key>
			<string>&lt;group&gt;</string>
		</dict>
		<key>467770DE1A68866B00A5F386</key>
		<dict>
			<key>fileEncoding</key>
			<string>4</string>
			<key>isa</key>
			<string>PBXFileReference</string>
			<key>lastKnownFileType</key>
			<string>text</string>
			<key>path</key>
			<string>LICENSE</string>
			<key>sourceTree</key>
			<string>&lt;group&gt;</string>
		</dict>
		<key>467770DF1A68866B00A5F386</key>
		<dict>
			<key>fileEncoding</key>
			<string>4</string>
			<key>isa</key>
			<string>PBXFileReference</string>
			<key>lastKnownFileType</key>
			<string>text</string>
			<key>path</key>
			<string>README.txt</string>
			<key>sourceTree</key>
			<string>&lt;group&gt;</string>
		</dict>
		<key>467771F51A68866C00A5F386</key>
		<dict>
			<key>fileRef</key>
			<string>467770DA1A68866B00A5F386</string>
			<key>isa</key>
			<string>PBXBuildFile</string>
		</dict>
		<key>467771F61A68866C00A5F386</key>
		<dict>
			<key>fileRef</key>
			<string>467770DB1A68866B00A5F386</string>
			<key>isa</key>
			<string>PBXBuildFile</string>
		</dict>
		<key>467771F71A68866C00A5F386</key>
		<dict>
			<key>fileRef</key>
			<string>467770DC1A68866B00A5F386</string>
			<key>isa</key>
			<string>PBXBuildFile</string>
		</dict>
		<key>467771F81A68866C00A5F386</key>
		<dict>
			<key>fileRef</key>
			<string>467770DD1A68866B00A5F386</string>
			<key>isa</key>
			<string>PBXBuildFile</string>
		</dict>
		<key>467771F91A68866C00A5F386</key>
		<dict>
			<key>fileRef</key>
			<string>467770DE1A68866B00A5F386</string>
			<key>isa</key>
			<string>PBXBuildFile</string>
		</dict>
		<key>467771FA1A68866C00A5F386</key>
		<dict>
			<key>fileRef</key>
			<string>467770DF1A68866B00A5F386</string>
			<key>isa</key>
			<string>PBXBuildFile</string>
		</dict>
		<key>467772B71A68CA3E00A5F386</key>
		<dict>
			<key>fileEncoding</key>
			<string>4</string>
			<key>isa</key>
			<string>PBXFileReference</string>
			<key>lastKnownFileType</key>
			<string>sourcecode.swift</string>
			<key>path</key>
			<string>SignupViewController.swift</string>
			<key>sourceTree</key>
			<string>&lt;group&gt;</string>
		</dict>
		<key>467772B81A68CA3E00A5F386</key>
		<dict>
			<key>fileRef</key>
			<string>467772B71A68CA3E00A5F386</string>
			<key>isa</key>
			<string>PBXBuildFile</string>
		</dict>
		<key>469C65CF1A5FB70200758740</key>
		<dict>
			<key>fileEncoding</key>
			<string>4</string>
			<key>isa</key>
			<string>PBXFileReference</string>
			<key>lastKnownFileType</key>
			<string>file.storyboard</string>
			<key>path</key>
			<string>Main.storyboard</string>
			<key>sourceTree</key>
			<string>&lt;group&gt;</string>
		</dict>
		<key>469C65D01A5FB70200758740</key>
		<dict>
			<key>fileRef</key>
			<string>469C65CF1A5FB70200758740</string>
			<key>isa</key>
			<string>PBXBuildFile</string>
		</dict>
		<key>469C65D11A5FBE9100758740</key>
		<dict>
			<key>buildActionMask</key>
			<string>2147483647</string>
			<key>files</key>
			<array/>
			<key>inputPaths</key>
			<array/>
			<key>isa</key>
			<string>PBXShellScriptBuildPhase</string>
			<key>outputPaths</key>
			<array/>
			<key>runOnlyForDeploymentPostprocessing</key>
			<string>0</string>
			<key>shellPath</key>
			<string>/bin/sh</string>
			<key>shellScript</key>
			<string>./Fabric.framework/run cf31bd871fb35d3e3e94b3732cd654bbde1f5b0c 33804315ff66b7966281403539d1d005fcf98139ee03282942a67832a10b0f8e</string>
		</dict>
		<key>469C65D21A5FBEBA00758740</key>
		<dict>
			<key>isa</key>
			<string>PBXFileReference</string>
			<key>lastKnownFileType</key>
			<string>wrapper.framework</string>
			<key>name</key>
			<string>Crashlytics.framework</string>
			<key>path</key>
			<string>Board-Bullets/Crashlytics.framework</string>
			<key>sourceTree</key>
			<string>&lt;group&gt;</string>
		</dict>
		<key>469C65D31A5FBEBA00758740</key>
		<dict>
			<key>isa</key>
			<string>PBXFileReference</string>
			<key>lastKnownFileType</key>
			<string>wrapper.framework</string>
			<key>name</key>
			<string>Fabric.framework</string>
			<key>path</key>
			<string>Board-Bullets/Fabric.framework</string>
			<key>sourceTree</key>
			<string>&lt;group&gt;</string>
		</dict>
		<key>469C65D41A5FBEBA00758740</key>
		<dict>
			<key>fileRef</key>
			<string>469C65D21A5FBEBA00758740</string>
			<key>isa</key>
			<string>PBXBuildFile</string>
		</dict>
		<key>469C65D51A5FBEBA00758740</key>
		<dict>
			<key>fileRef</key>
			<string>469C65D31A5FBEBA00758740</string>
			<key>isa</key>
			<string>PBXBuildFile</string>
		</dict>
		<key>469C65D61A5FBF2100758740</key>
		<dict>
			<key>children</key>
			<array>
				<string>46FCEB381A5A7489009E5171</string>
				<string>46FCEB261A5A7476009E5171</string>
				<string>46FCEB271A5A7476009E5171</string>
				<string>46FCEB281A5A7476009E5171</string>
				<string>46FCEB291A5A7476009E5171</string>
				<string>46FCEB2A1A5A7476009E5171</string>
				<string>46FCEB2B1A5A7476009E5171</string>
				<string>46FCEB2C1A5A7476009E5171</string>
				<string>46FCEB2D1A5A7476009E5171</string>
				<string>46FCEB2E1A5A7476009E5171</string>
				<string>46FCEB241A5A744A009E5171</string>
			</array>
			<key>isa</key>
			<string>PBXGroup</string>
			<key>name</key>
			<string>Dependencies</string>
			<key>sourceTree</key>
			<string>&lt;group&gt;</string>
		</dict>
		<key>469C65D71A5FBF2A00758740</key>
		<dict>
			<key>children</key>
			<array>
				<string>46FCEB3A1A5A74BD009E5171</string>
				<string>469C65D61A5FBF2100758740</string>
			</array>
			<key>isa</key>
			<string>PBXGroup</string>
			<key>name</key>
			<string>Parse</string>
			<key>sourceTree</key>
			<string>&lt;group&gt;</string>
		</dict>
		<key>469C65DA1A60479A00758740</key>
		<dict>
			<key>children</key>
			<array>
				<string>46CFB1531A678A090091BCE9</string>
			</array>
			<key>isa</key>
			<string>PBXGroup</string>
			<key>name</key>
			<string>Resources</string>
			<key>sourceTree</key>
			<string>&lt;group&gt;</string>
		</dict>
		<key>46CFB14C1A67867C0091BCE9</key>
		<dict>
			<key>fileEncoding</key>
			<string>4</string>
			<key>isa</key>
			<string>PBXFileReference</string>
			<key>lastKnownFileType</key>
			<string>sourcecode.swift</string>
			<key>path</key>
			<string>QuizViewController.swift</string>
			<key>sourceTree</key>
			<string>&lt;group&gt;</string>
		</dict>
		<key>46CFB14D1A67867C0091BCE9</key>
		<dict>
			<key>fileRef</key>
			<string>46CFB14C1A67867C0091BCE9</string>
			<key>isa</key>
			<string>PBXBuildFile</string>
		</dict>
		<key>46CFB14E1A6786830091BCE9</key>
		<dict>
			<key>children</key>
			<array>
				<string>46FBFE381A69A1EA00B53C4E</string>
				<string>46CFB14C1A67867C0091BCE9</string>
				<string>467770D71A687E0A00A5F386</string>
			</array>
			<key>isa</key>
			<string>PBXGroup</string>
			<key>name</key>
			<string>Quiz</string>
			<key>sourceTree</key>
			<string>&lt;group&gt;</string>
		</dict>
		<key>46CFB1511A6789F60091BCE9</key>
		<dict>
			<key>fileEncoding</key>
			<string>4</string>
			<key>isa</key>
			<string>PBXFileReference</string>
			<key>lastKnownFileType</key>
			<string>sourcecode.swift</string>
			<key>path</key>
			<string>SwiftyJSON.swift</string>
			<key>sourceTree</key>
			<string>&lt;group&gt;</string>
		</dict>
		<key>46CFB1521A6789F60091BCE9</key>
		<dict>
			<key>fileRef</key>
			<string>46CFB1511A6789F60091BCE9</string>
			<key>isa</key>
			<string>PBXBuildFile</string>
		</dict>
		<key>46CFB1531A678A090091BCE9</key>
		<dict>
			<key>fileEncoding</key>
			<string>4</string>
			<key>isa</key>
			<string>PBXFileReference</string>
			<key>lastKnownFileType</key>
			<string>text.json</string>
			<key>path</key>
			<string>data.json</string>
			<key>sourceTree</key>
			<string>&lt;group&gt;</string>
		</dict>
		<key>46CFB1541A678A090091BCE9</key>
		<dict>
			<key>fileRef</key>
			<string>46CFB1531A678A090091BCE9</string>
			<key>isa</key>
			<string>PBXBuildFile</string>
		</dict>
		<key>46FBFE351A6999B300B53C4E</key>
		<dict>
			<key>fileEncoding</key>
			<string>4</string>
			<key>isa</key>
			<string>PBXFileReference</string>
			<key>lastKnownFileType</key>
			<string>sourcecode.swift</string>
			<key>path</key>
			<string>SettingsViewController.swift</string>
			<key>sourceTree</key>
			<string>&lt;group&gt;</string>
		</dict>
		<key>46FBFE361A6999B300B53C4E</key>
		<dict>
			<key>fileRef</key>
			<string>46FBFE351A6999B300B53C4E</string>
			<key>isa</key>
			<string>PBXBuildFile</string>
		</dict>
		<key>46FBFE371A6999C000B53C4E</key>
		<dict>
			<key>children</key>
			<array>
				<string>46FBFE351A6999B300B53C4E</string>
				<string>46CFB14E1A6786830091BCE9</string>
			</array>
			<key>isa</key>
			<string>PBXGroup</string>
			<key>name</key>
			<string>Main</string>
			<key>sourceTree</key>
			<string>&lt;group&gt;</string>
		</dict>
		<key>46FBFE381A69A1EA00B53C4E</key>
		<dict>
			<key>fileEncoding</key>
			<string>4</string>
			<key>isa</key>
			<string>PBXFileReference</string>
			<key>lastKnownFileType</key>
			<string>sourcecode.swift</string>
			<key>path</key>
			<string>QuizPickerViewController.swift</string>
			<key>sourceTree</key>
			<string>&lt;group&gt;</string>
		</dict>
		<key>46FBFE391A69A1EA00B53C4E</key>
		<dict>
			<key>fileRef</key>
			<string>46FBFE381A69A1EA00B53C4E</string>
			<key>isa</key>
			<string>PBXBuildFile</string>
		</dict>
		<key>46FCEAF61A5A7116009E5171</key>
		<dict>
			<key>children</key>
			<array>
				<string>46FCEB011A5A7116009E5171</string>
				<string>46FCEB451A5A74CA009E5171</string>
				<string>46FCEB171A5A7116009E5171</string>
				<string>46FCEB001A5A7116009E5171</string>
				<string>B194365CCA50AC00AB89E357</string>
			</array>
			<key>isa</key>
			<string>PBXGroup</string>
			<key>sourceTree</key>
			<string>&lt;group&gt;</string>
		</dict>
		<key>46FCEAF71A5A7116009E5171</key>
		<dict>
			<key>attributes</key>
			<dict>
				<key>LastUpgradeCheck</key>
				<string>0610</string>
				<key>ORGANIZATIONNAME</key>
				<string>Andrew Breckenridge</string>
				<key>TargetAttributes</key>
				<dict>
					<key>46FCEAFE1A5A7116009E5171</key>
					<dict>
						<key>CreatedOnToolsVersion</key>
						<string>6.1.1</string>
						<key>DevelopmentTeam</key>
						<string>JQUR3MJ3GB</string>
					</dict>
					<key>46FCEB131A5A7116009E5171</key>
					<dict>
						<key>CreatedOnToolsVersion</key>
						<string>6.1.1</string>
						<key>TestTargetID</key>
						<string>46FCEAFE1A5A7116009E5171</string>
					</dict>
				</dict>
			</dict>
			<key>buildConfigurationList</key>
			<string>46FCEAFA1A5A7116009E5171</string>
			<key>compatibilityVersion</key>
			<string>Xcode 3.2</string>
			<key>developmentRegion</key>
			<string>English</string>
			<key>hasScannedForEncodings</key>
			<string>0</string>
			<key>isa</key>
			<string>PBXProject</string>
			<key>knownRegions</key>
			<array>
				<string>en</string>
				<string>Base</string>
				<string>he</string>
			</array>
			<key>mainGroup</key>
			<string>46FCEAF61A5A7116009E5171</string>
			<key>productRefGroup</key>
			<string>46FCEB001A5A7116009E5171</string>
			<key>projectDirPath</key>
			<string></string>
			<key>projectReferences</key>
			<array/>
			<key>projectRoot</key>
			<string></string>
			<key>targets</key>
			<array>
				<string>46FCEAFE1A5A7116009E5171</string>
				<string>46FCEB131A5A7116009E5171</string>
			</array>
		</dict>
		<key>46FCEAFA1A5A7116009E5171</key>
		<dict>
			<key>buildConfigurations</key>
			<array>
				<string>46FCEB1C1A5A7116009E5171</string>
				<string>46FCEB1D1A5A7116009E5171</string>
			</array>
			<key>defaultConfigurationIsVisible</key>
			<string>0</string>
			<key>defaultConfigurationName</key>
			<string>Release</string>
			<key>isa</key>
			<string>XCConfigurationList</string>
		</dict>
		<key>46FCEAFB1A5A7116009E5171</key>
		<dict>
			<key>buildActionMask</key>
			<string>2147483647</string>
			<key>files</key>
			<array>
				<string>46FCEB581A5A95D2009E5171</string>
				<string>467770D81A687E0A00A5F386</string>
				<string>467772B81A68CA3E00A5F386</string>
				<string>461686A31A620B0700BC69A9</string>
				<string>46CFB1521A6789F60091BCE9</string>
				<string>46FCEB601A5A9B7E009E5171</string>
				<string>46FCEB541A5A81DE009E5171</string>
				<string>46FCEB051A5A7116009E5171</string>
				<string>46FBFE391A69A1EA00B53C4E</string>
				<string>46CFB14D1A67867C0091BCE9</string>
				<string>46FCEB4E1A5A814F009E5171</string>
				<string>46FCEB4F1A5A814F009E5171</string>
				<string>46FBFE361A6999B300B53C4E</string>
			</array>
			<key>isa</key>
			<string>PBXSourcesBuildPhase</string>
			<key>runOnlyForDeploymentPostprocessing</key>
			<string>0</string>
		</dict>
		<key>46FCEAFC1A5A7116009E5171</key>
		<dict>
			<key>buildActionMask</key>
			<string>2147483647</string>
			<key>files</key>
			<array>
				<string>46FCEB391A5A7489009E5171</string>
				<string>467771F61A68866C00A5F386</string>
				<string>467771F51A68866C00A5F386</string>
				<string>46FCEB2F1A5A7476009E5171</string>
				<string>46FCEB301A5A7476009E5171</string>
				<string>46FCEB401A5A74BD009E5171</string>
				<string>46FCEB311A5A7476009E5171</string>
				<string>469C65D51A5FBEBA00758740</string>
				<string>46FCEB421A5A74BD009E5171</string>
				<string>46FCEB441A5A74BD009E5171</string>
				<string>46FCEB321A5A7476009E5171</string>
				<string>469C65D41A5FBEBA00758740</string>
				<string>467771F71A68866C00A5F386</string>
				<string>46FCEB411A5A74BD009E5171</string>
				<string>46FCEB431A5A74BD009E5171</string>
				<string>46FCEB331A5A7476009E5171</string>
				<string>46FCEB341A5A7476009E5171</string>
				<string>46FCEB351A5A7476009E5171</string>
				<string>46FCEB361A5A7476009E5171</string>
				<string>46FCEB371A5A7476009E5171</string>
				<string>46FCEB251A5A744A009E5171</string>
				<string>38B4269E66430636104FE1BD</string>
			</array>
			<key>isa</key>
			<string>PBXFrameworksBuildPhase</string>
			<key>runOnlyForDeploymentPostprocessing</key>
			<string>0</string>
		</dict>
		<key>46FCEAFD1A5A7116009E5171</key>
		<dict>
			<key>buildActionMask</key>
			<string>2147483647</string>
			<key>files</key>
			<array>
				<string>46FCEB0A1A5A7116009E5171</string>
				<string>467771FA1A68866C00A5F386</string>
				<string>46CFB1541A678A090091BCE9</string>
				<string>467771F91A68866C00A5F386</string>
				<string>469C65D01A5FB70200758740</string>
				<string>467771F81A68866C00A5F386</string>
				<string>46FCEB0F1A5A7116009E5171</string>
				<string>46FCEB0C1A5A7116009E5171</string>
				<string>46FCEB4B1A5A765F009E5171</string>
			</array>
			<key>isa</key>
			<string>PBXResourcesBuildPhase</string>
			<key>runOnlyForDeploymentPostprocessing</key>
			<string>0</string>
		</dict>
		<key>46FCEAFE1A5A7116009E5171</key>
		<dict>
			<key>buildConfigurationList</key>
			<string>46FCEB1E1A5A7116009E5171</string>
			<key>buildPhases</key>
			<array>
				<string>3500D8690D773C2BC616B070</string>
				<string>46FCEAFB1A5A7116009E5171</string>
				<string>46FCEAFC1A5A7116009E5171</string>
				<string>46FCEAFD1A5A7116009E5171</string>
				<string>469C65D11A5FBE9100758740</string>
				<string>81B85BD7FD65CFF5B327FA44</string>
			</array>
			<key>buildRules</key>
			<array/>
			<key>dependencies</key>
			<array/>
			<key>isa</key>
			<string>PBXNativeTarget</string>
			<key>name</key>
			<string>Board-Bullets</string>
			<key>productName</key>
			<string>Board-Bullets</string>
			<key>productReference</key>
			<string>46FCEAFF1A5A7116009E5171</string>
			<key>productType</key>
			<string>com.apple.product-type.application</string>
		</dict>
		<key>46FCEAFF1A5A7116009E5171</key>
		<dict>
			<key>explicitFileType</key>
			<string>wrapper.application</string>
			<key>includeInIndex</key>
			<string>0</string>
			<key>isa</key>
			<string>PBXFileReference</string>
			<key>path</key>
			<string>Board-Bullets.app</string>
			<key>sourceTree</key>
			<string>BUILT_PRODUCTS_DIR</string>
		</dict>
		<key>46FCEB001A5A7116009E5171</key>
		<dict>
			<key>children</key>
			<array>
				<string>46FCEAFF1A5A7116009E5171</string>
				<string>46FCEB141A5A7116009E5171</string>
			</array>
			<key>isa</key>
			<string>PBXGroup</string>
			<key>name</key>
			<string>Products</string>
			<key>sourceTree</key>
			<string>&lt;group&gt;</string>
		</dict>
		<key>46FCEB011A5A7116009E5171</key>
		<dict>
			<key>children</key>
			<array>
				<string>46FCEB041A5A7116009E5171</string>
				<string>46FCEB081A5A7116009E5171</string>
				<string>469C65CF1A5FB70200758740</string>
				<string>46FCEB5F1A5A9B7E009E5171</string>
				<string>461686A21A620B0700BC69A9</string>
				<string>46FCEB0B1A5A7116009E5171</string>
				<string>46FCEB0D1A5A7116009E5171</string>
				<string>469C65DA1A60479A00758740</string>
				<string>46FCEB5B1A5A95E5009E5171</string>
				<string>46FCEB501A5A8152009E5171</string>
				<string>46FCEB021A5A7116009E5171</string>
			</array>
			<key>isa</key>
			<string>PBXGroup</string>
			<key>path</key>
			<string>Board-Bullets</string>
			<key>sourceTree</key>
			<string>&lt;group&gt;</string>
		</dict>
		<key>46FCEB021A5A7116009E5171</key>
		<dict>
			<key>children</key>
			<array>
				<string>46FCEB461A5A7515009E5171</string>
				<string>46FCEB031A5A7116009E5171</string>
				<string>46FCEB4A1A5A765F009E5171</string>
			</array>
			<key>isa</key>
			<string>PBXGroup</string>
			<key>name</key>
			<string>Supporting Files</string>
			<key>sourceTree</key>
			<string>&lt;group&gt;</string>
		</dict>
		<key>46FCEB031A5A7116009E5171</key>
		<dict>
			<key>isa</key>
			<string>PBXFileReference</string>
			<key>lastKnownFileType</key>
			<string>text.plist.xml</string>
			<key>path</key>
			<string>Info.plist</string>
			<key>sourceTree</key>
			<string>&lt;group&gt;</string>
		</dict>
		<key>46FCEB041A5A7116009E5171</key>
		<dict>
			<key>isa</key>
			<string>PBXFileReference</string>
			<key>lastKnownFileType</key>
			<string>sourcecode.swift</string>
			<key>path</key>
			<string>AppDelegate.swift</string>
			<key>sourceTree</key>
			<string>&lt;group&gt;</string>
		</dict>
		<key>46FCEB051A5A7116009E5171</key>
		<dict>
			<key>fileRef</key>
			<string>46FCEB041A5A7116009E5171</string>
			<key>isa</key>
			<string>PBXBuildFile</string>
		</dict>
		<key>46FCEB081A5A7116009E5171</key>
		<dict>
			<key>children</key>
			<array>
				<string>46FCEB091A5A7116009E5171</string>
			</array>
			<key>isa</key>
			<string>PBXVariantGroup</string>
			<key>name</key>
			<string>Login.storyboard</string>
			<key>sourceTree</key>
			<string>&lt;group&gt;</string>
		</dict>
		<key>46FCEB091A5A7116009E5171</key>
		<dict>
			<key>isa</key>
			<string>PBXFileReference</string>
			<key>lastKnownFileType</key>
			<string>file.storyboard</string>
			<key>name</key>
			<string>Base</string>
			<key>path</key>
			<string>Base.lproj/Login.storyboard</string>
			<key>sourceTree</key>
			<string>&lt;group&gt;</string>
		</dict>
		<key>46FCEB0A1A5A7116009E5171</key>
		<dict>
			<key>fileRef</key>
			<string>46FCEB081A5A7116009E5171</string>
			<key>isa</key>
			<string>PBXBuildFile</string>
		</dict>
		<key>46FCEB0B1A5A7116009E5171</key>
		<dict>
			<key>isa</key>
			<string>PBXFileReference</string>
			<key>lastKnownFileType</key>
			<string>folder.assetcatalog</string>
			<key>path</key>
			<string>Images.xcassets</string>
			<key>sourceTree</key>
			<string>&lt;group&gt;</string>
		</dict>
		<key>46FCEB0C1A5A7116009E5171</key>
		<dict>
			<key>fileRef</key>
			<string>46FCEB0B1A5A7116009E5171</string>
			<key>isa</key>
			<string>PBXBuildFile</string>
		</dict>
		<key>46FCEB0D1A5A7116009E5171</key>
		<dict>
			<key>children</key>
			<array>
				<string>46FCEB0E1A5A7116009E5171</string>
			</array>
			<key>isa</key>
			<string>PBXVariantGroup</string>
			<key>name</key>
			<string>LaunchScreen.xib</string>
			<key>sourceTree</key>
			<string>&lt;group&gt;</string>
		</dict>
		<key>46FCEB0E1A5A7116009E5171</key>
		<dict>
			<key>isa</key>
			<string>PBXFileReference</string>
			<key>lastKnownFileType</key>
			<string>file.xib</string>
			<key>name</key>
			<string>Base</string>
			<key>path</key>
			<string>Base.lproj/LaunchScreen.xib</string>
			<key>sourceTree</key>
			<string>&lt;group&gt;</string>
		</dict>
		<key>46FCEB0F1A5A7116009E5171</key>
		<dict>
			<key>fileRef</key>
			<string>46FCEB0D1A5A7116009E5171</string>
			<key>isa</key>
			<string>PBXBuildFile</string>
		</dict>
		<key>46FCEB101A5A7116009E5171</key>
		<dict>
			<key>buildActionMask</key>
			<string>2147483647</string>
			<key>files</key>
			<array>
				<string>46FCEB1B1A5A7116009E5171</string>
			</array>
			<key>isa</key>
			<string>PBXSourcesBuildPhase</string>
			<key>runOnlyForDeploymentPostprocessing</key>
			<string>0</string>
		</dict>
		<key>46FCEB111A5A7116009E5171</key>
		<dict>
			<key>buildActionMask</key>
			<string>2147483647</string>
			<key>files</key>
			<array/>
			<key>isa</key>
			<string>PBXFrameworksBuildPhase</string>
			<key>runOnlyForDeploymentPostprocessing</key>
			<string>0</string>
		</dict>
		<key>46FCEB121A5A7116009E5171</key>
		<dict>
			<key>buildActionMask</key>
			<string>2147483647</string>
			<key>files</key>
			<array/>
			<key>isa</key>
			<string>PBXResourcesBuildPhase</string>
			<key>runOnlyForDeploymentPostprocessing</key>
			<string>0</string>
		</dict>
		<key>46FCEB131A5A7116009E5171</key>
		<dict>
			<key>buildConfigurationList</key>
			<string>46FCEB211A5A7116009E5171</string>
			<key>buildPhases</key>
			<array>
				<string>46FCEB101A5A7116009E5171</string>
				<string>46FCEB111A5A7116009E5171</string>
				<string>46FCEB121A5A7116009E5171</string>
			</array>
			<key>buildRules</key>
			<array/>
			<key>dependencies</key>
			<array>
				<string>46FCEB161A5A7116009E5171</string>
			</array>
			<key>isa</key>
			<string>PBXNativeTarget</string>
			<key>name</key>
			<string>Board-BulletsTests</string>
			<key>productName</key>
			<string>Board-BulletsTests</string>
			<key>productReference</key>
			<string>46FCEB141A5A7116009E5171</string>
			<key>productType</key>
			<string>com.apple.product-type.bundle.unit-test</string>
		</dict>
		<key>46FCEB141A5A7116009E5171</key>
		<dict>
			<key>explicitFileType</key>
			<string>wrapper.cfbundle</string>
			<key>includeInIndex</key>
			<string>0</string>
			<key>isa</key>
			<string>PBXFileReference</string>
			<key>path</key>
			<string>Board-BulletsTests.xctest</string>
			<key>sourceTree</key>
			<string>BUILT_PRODUCTS_DIR</string>
		</dict>
		<key>46FCEB151A5A7116009E5171</key>
		<dict>
			<key>containerPortal</key>
			<string>46FCEAF71A5A7116009E5171</string>
			<key>isa</key>
			<string>PBXContainerItemProxy</string>
			<key>proxyType</key>
			<string>1</string>
			<key>remoteGlobalIDString</key>
			<string>46FCEAFE1A5A7116009E5171</string>
			<key>remoteInfo</key>
			<string>Board-Bullets</string>
		</dict>
		<key>46FCEB161A5A7116009E5171</key>
		<dict>
			<key>isa</key>
			<string>PBXTargetDependency</string>
			<key>target</key>
			<string>46FCEAFE1A5A7116009E5171</string>
			<key>targetProxy</key>
			<string>46FCEB151A5A7116009E5171</string>
		</dict>
		<key>46FCEB171A5A7116009E5171</key>
		<dict>
			<key>children</key>
			<array>
				<string>46FCEB1A1A5A7116009E5171</string>
				<string>46FCEB181A5A7116009E5171</string>
			</array>
			<key>isa</key>
			<string>PBXGroup</string>
			<key>path</key>
			<string>Board-BulletsTests</string>
			<key>sourceTree</key>
			<string>&lt;group&gt;</string>
		</dict>
		<key>46FCEB181A5A7116009E5171</key>
		<dict>
			<key>children</key>
			<array>
				<string>46FCEB191A5A7116009E5171</string>
			</array>
			<key>isa</key>
			<string>PBXGroup</string>
			<key>name</key>
			<string>Supporting Files</string>
			<key>sourceTree</key>
			<string>&lt;group&gt;</string>
		</dict>
		<key>46FCEB191A5A7116009E5171</key>
		<dict>
			<key>isa</key>
			<string>PBXFileReference</string>
			<key>lastKnownFileType</key>
			<string>text.plist.xml</string>
			<key>path</key>
			<string>Info.plist</string>
			<key>sourceTree</key>
			<string>&lt;group&gt;</string>
		</dict>
		<key>46FCEB1A1A5A7116009E5171</key>
		<dict>
			<key>isa</key>
			<string>PBXFileReference</string>
			<key>lastKnownFileType</key>
			<string>sourcecode.swift</string>
			<key>path</key>
			<string>Board_BulletsTests.swift</string>
			<key>sourceTree</key>
			<string>&lt;group&gt;</string>
		</dict>
		<key>46FCEB1B1A5A7116009E5171</key>
		<dict>
			<key>fileRef</key>
			<string>46FCEB1A1A5A7116009E5171</string>
			<key>isa</key>
			<string>PBXBuildFile</string>
		</dict>
		<key>46FCEB1C1A5A7116009E5171</key>
		<dict>
			<key>buildSettings</key>
			<dict>
				<key>ALWAYS_SEARCH_USER_PATHS</key>
				<string>NO</string>
				<key>CLANG_CXX_LANGUAGE_STANDARD</key>
				<string>gnu++0x</string>
				<key>CLANG_CXX_LIBRARY</key>
				<string>libc++</string>
				<key>CLANG_ENABLE_MODULES</key>
				<string>YES</string>
				<key>CLANG_ENABLE_OBJC_ARC</key>
				<string>YES</string>
				<key>CLANG_WARN_BOOL_CONVERSION</key>
				<string>YES</string>
				<key>CLANG_WARN_CONSTANT_CONVERSION</key>
				<string>YES</string>
				<key>CLANG_WARN_DIRECT_OBJC_ISA_USAGE</key>
				<string>YES_ERROR</string>
				<key>CLANG_WARN_EMPTY_BODY</key>
				<string>YES</string>
				<key>CLANG_WARN_ENUM_CONVERSION</key>
				<string>YES</string>
				<key>CLANG_WARN_INT_CONVERSION</key>
				<string>YES</string>
				<key>CLANG_WARN_OBJC_ROOT_CLASS</key>
				<string>YES_ERROR</string>
				<key>CLANG_WARN_UNREACHABLE_CODE</key>
				<string>YES</string>
				<key>CLANG_WARN__DUPLICATE_METHOD_MATCH</key>
				<string>YES</string>
				<key>CODE_SIGN_IDENTITY[sdk=iphoneos*]</key>
				<string>iPhone Developer</string>
				<key>COPY_PHASE_STRIP</key>
				<string>NO</string>
				<key>ENABLE_STRICT_OBJC_MSGSEND</key>
				<string>YES</string>
				<key>GCC_C_LANGUAGE_STANDARD</key>
				<string>gnu99</string>
				<key>GCC_DYNAMIC_NO_PIC</key>
				<string>NO</string>
				<key>GCC_OPTIMIZATION_LEVEL</key>
				<string>0</string>
				<key>GCC_PREPROCESSOR_DEFINITIONS</key>
				<array>
					<string>DEBUG=1</string>
					<string>$(inherited)</string>
				</array>
				<key>GCC_SYMBOLS_PRIVATE_EXTERN</key>
				<string>NO</string>
				<key>GCC_WARN_64_TO_32_BIT_CONVERSION</key>
				<string>YES</string>
				<key>GCC_WARN_ABOUT_RETURN_TYPE</key>
				<string>YES_ERROR</string>
				<key>GCC_WARN_UNDECLARED_SELECTOR</key>
				<string>YES</string>
				<key>GCC_WARN_UNINITIALIZED_AUTOS</key>
				<string>YES_AGGRESSIVE</string>
				<key>GCC_WARN_UNUSED_FUNCTION</key>
				<string>YES</string>
				<key>GCC_WARN_UNUSED_VARIABLE</key>
				<string>YES</string>
				<key>IPHONEOS_DEPLOYMENT_TARGET</key>
				<string>7.0</string>
				<key>MTL_ENABLE_DEBUG_INFO</key>
				<string>YES</string>
				<key>ONLY_ACTIVE_ARCH</key>
				<string>YES</string>
				<key>SDKROOT</key>
				<string>iphoneos</string>
				<key>SWIFT_OPTIMIZATION_LEVEL</key>
				<string>-Onone</string>
			</dict>
			<key>isa</key>
			<string>XCBuildConfiguration</string>
			<key>name</key>
			<string>Debug</string>
		</dict>
		<key>46FCEB1D1A5A7116009E5171</key>
		<dict>
			<key>buildSettings</key>
			<dict>
				<key>ALWAYS_SEARCH_USER_PATHS</key>
				<string>NO</string>
				<key>CLANG_CXX_LANGUAGE_STANDARD</key>
				<string>gnu++0x</string>
				<key>CLANG_CXX_LIBRARY</key>
				<string>libc++</string>
				<key>CLANG_ENABLE_MODULES</key>
				<string>YES</string>
				<key>CLANG_ENABLE_OBJC_ARC</key>
				<string>YES</string>
				<key>CLANG_WARN_BOOL_CONVERSION</key>
				<string>YES</string>
				<key>CLANG_WARN_CONSTANT_CONVERSION</key>
				<string>YES</string>
				<key>CLANG_WARN_DIRECT_OBJC_ISA_USAGE</key>
				<string>YES_ERROR</string>
				<key>CLANG_WARN_EMPTY_BODY</key>
				<string>YES</string>
				<key>CLANG_WARN_ENUM_CONVERSION</key>
				<string>YES</string>
				<key>CLANG_WARN_INT_CONVERSION</key>
				<string>YES</string>
				<key>CLANG_WARN_OBJC_ROOT_CLASS</key>
				<string>YES_ERROR</string>
				<key>CLANG_WARN_UNREACHABLE_CODE</key>
				<string>YES</string>
				<key>CLANG_WARN__DUPLICATE_METHOD_MATCH</key>
				<string>YES</string>
				<key>CODE_SIGN_IDENTITY[sdk=iphoneos*]</key>
				<string>iPhone Developer</string>
				<key>COPY_PHASE_STRIP</key>
				<string>YES</string>
				<key>ENABLE_NS_ASSERTIONS</key>
				<string>NO</string>
				<key>ENABLE_STRICT_OBJC_MSGSEND</key>
				<string>YES</string>
				<key>GCC_C_LANGUAGE_STANDARD</key>
				<string>gnu99</string>
				<key>GCC_WARN_64_TO_32_BIT_CONVERSION</key>
				<string>YES</string>
				<key>GCC_WARN_ABOUT_RETURN_TYPE</key>
				<string>YES_ERROR</string>
				<key>GCC_WARN_UNDECLARED_SELECTOR</key>
				<string>YES</string>
				<key>GCC_WARN_UNINITIALIZED_AUTOS</key>
				<string>YES_AGGRESSIVE</string>
				<key>GCC_WARN_UNUSED_FUNCTION</key>
				<string>YES</string>
				<key>GCC_WARN_UNUSED_VARIABLE</key>
				<string>YES</string>
				<key>IPHONEOS_DEPLOYMENT_TARGET</key>
				<string>7.0</string>
				<key>MTL_ENABLE_DEBUG_INFO</key>
				<string>NO</string>
				<key>SDKROOT</key>
				<string>iphoneos</string>
				<key>VALIDATE_PRODUCT</key>
				<string>YES</string>
			</dict>
			<key>isa</key>
			<string>XCBuildConfiguration</string>
			<key>name</key>
			<string>Release</string>
		</dict>
		<key>46FCEB1E1A5A7116009E5171</key>
		<dict>
			<key>buildConfigurations</key>
			<array>
				<string>46FCEB1F1A5A7116009E5171</string>
				<string>46FCEB201A5A7116009E5171</string>
			</array>
			<key>defaultConfigurationIsVisible</key>
			<string>0</string>
			<key>defaultConfigurationName</key>
			<string>Release</string>
			<key>isa</key>
			<string>XCConfigurationList</string>
		</dict>
		<key>46FCEB1F1A5A7116009E5171</key>
		<dict>
			<key>baseConfigurationReference</key>
			<string>DB8E329E9332B5E8AFBAEE59</string>
			<key>buildSettings</key>
			<dict>
				<key>ASSETCATALOG_COMPILER_APPICON_NAME</key>
				<string>AppIcon</string>
				<key>CLANG_ENABLE_MODULES</key>
				<string>YES</string>
				<key>CODE_SIGN_IDENTITY</key>
				<string>iPhone Developer</string>
				<key>FRAMEWORK_SEARCH_PATHS</key>
				<array>
					<string>$(inherited)</string>
					<string>$(PROJECT_DIR)/Board-Bullets/parse-library-1.6.1</string>
					<string>$(PROJECT_DIR)/Board-Bullets</string>
					<string>$(PROJECT_DIR)/FacebookSDK</string>
				</array>
				<key>INFOPLIST_FILE</key>
				<string>Board-Bullets/Info.plist</string>
				<key>IPHONEOS_DEPLOYMENT_TARGET</key>
				<string>7.0</string>
				<key>LD_RUNPATH_SEARCH_PATHS</key>
				<string>$(inherited) @executable_path/Frameworks</string>
				<key>PRODUCT_NAME</key>
				<string>Board-Bullets</string>
				<key>SWIFT_OBJC_BRIDGING_HEADER</key>
				<string>Board-Bullets/Board-Bullets-Bridging-Header.h</string>
				<key>SWIFT_OPTIMIZATION_LEVEL</key>
				<string>-Onone</string>
			</dict>
			<key>isa</key>
			<string>XCBuildConfiguration</string>
			<key>name</key>
			<string>Debug</string>
		</dict>
		<key>46FCEB201A5A7116009E5171</key>
		<dict>
			<key>baseConfigurationReference</key>
			<string>D14B3B6E63B5A47EF7FDDFB6</string>
			<key>buildSettings</key>
			<dict>
				<key>ASSETCATALOG_COMPILER_APPICON_NAME</key>
				<string>AppIcon</string>
				<key>CLANG_ENABLE_MODULES</key>
				<string>YES</string>
				<key>CODE_SIGN_IDENTITY</key>
				<string>iPhone Developer</string>
				<key>FRAMEWORK_SEARCH_PATHS</key>
				<array>
					<string>$(inherited)</string>
					<string>$(PROJECT_DIR)/Board-Bullets/parse-library-1.6.1</string>
					<string>$(PROJECT_DIR)/Board-Bullets</string>
					<string>$(PROJECT_DIR)/FacebookSDK</string>
				</array>
				<key>INFOPLIST_FILE</key>
				<string>Board-Bullets/Info.plist</string>
				<key>IPHONEOS_DEPLOYMENT_TARGET</key>
				<string>7.0</string>
				<key>LD_RUNPATH_SEARCH_PATHS</key>
				<string>$(inherited) @executable_path/Frameworks</string>
				<key>PRODUCT_NAME</key>
				<string>Board-Bullets</string>
				<key>SWIFT_OBJC_BRIDGING_HEADER</key>
				<string>Board-Bullets/Board-Bullets-Bridging-Header.h</string>
			</dict>
			<key>isa</key>
			<string>XCBuildConfiguration</string>
			<key>name</key>
			<string>Release</string>
		</dict>
		<key>46FCEB211A5A7116009E5171</key>
		<dict>
			<key>buildConfigurations</key>
			<array>
				<string>46FCEB221A5A7116009E5171</string>
				<string>46FCEB231A5A7116009E5171</string>
			</array>
			<key>defaultConfigurationIsVisible</key>
			<string>0</string>
			<key>defaultConfigurationName</key>
			<string>Release</string>
			<key>isa</key>
			<string>XCConfigurationList</string>
		</dict>
		<key>46FCEB221A5A7116009E5171</key>
		<dict>
			<key>buildSettings</key>
			<dict>
				<key>BUNDLE_LOADER</key>
				<string>$(TEST_HOST)</string>
				<key>FRAMEWORK_SEARCH_PATHS</key>
				<array>
					<string>$(SDKROOT)/Developer/Library/Frameworks</string>
					<string>$(inherited)</string>
				</array>
				<key>GCC_PREPROCESSOR_DEFINITIONS</key>
				<array>
					<string>DEBUG=1</string>
					<string>$(inherited)</string>
				</array>
				<key>INFOPLIST_FILE</key>
				<string>Board-BulletsTests/Info.plist</string>
				<key>LD_RUNPATH_SEARCH_PATHS</key>
				<string>$(inherited) @executable_path/Frameworks @loader_path/Frameworks</string>
				<key>PRODUCT_NAME</key>
				<string>Board-BulletsTests</string>
				<key>TEST_HOST</key>
				<string>$(BUILT_PRODUCTS_DIR)/Board-Bullets.app/Board-Bullets</string>
			</dict>
			<key>isa</key>
			<string>XCBuildConfiguration</string>
			<key>name</key>
			<string>Debug</string>
		</dict>
		<key>46FCEB231A5A7116009E5171</key>
		<dict>
			<key>buildSettings</key>
			<dict>
				<key>BUNDLE_LOADER</key>
				<string>$(TEST_HOST)</string>
				<key>FRAMEWORK_SEARCH_PATHS</key>
				<array>
					<string>$(SDKROOT)/Developer/Library/Frameworks</string>
					<string>$(inherited)</string>
				</array>
				<key>INFOPLIST_FILE</key>
				<string>Board-BulletsTests/Info.plist</string>
				<key>LD_RUNPATH_SEARCH_PATHS</key>
				<string>$(inherited) @executable_path/Frameworks @loader_path/Frameworks</string>
				<key>PRODUCT_NAME</key>
				<string>Board-BulletsTests</string>
				<key>TEST_HOST</key>
				<string>$(BUILT_PRODUCTS_DIR)/Board-Bullets.app/Board-Bullets</string>
			</dict>
			<key>isa</key>
			<string>XCBuildConfiguration</string>
			<key>name</key>
			<string>Release</string>
		</dict>
		<key>46FCEB241A5A744A009E5171</key>
		<dict>
			<key>isa</key>
			<string>PBXFileReference</string>
			<key>lastKnownFileType</key>
			<string>compiled.mach-o.dylib</string>
			<key>name</key>
			<string>libz.dylib</string>
			<key>path</key>
			<string>usr/lib/libz.dylib</string>
			<key>sourceTree</key>
			<string>SDKROOT</string>
		</dict>
		<key>46FCEB251A5A744A009E5171</key>
		<dict>
			<key>fileRef</key>
			<string>46FCEB241A5A744A009E5171</string>
			<key>isa</key>
			<string>PBXBuildFile</string>
		</dict>
		<key>46FCEB261A5A7476009E5171</key>
		<dict>
			<key>isa</key>
			<string>PBXFileReference</string>
			<key>lastKnownFileType</key>
			<string>wrapper.framework</string>
			<key>name</key>
			<string>AudioToolbox.framework</string>
			<key>path</key>
			<string>System/Library/Frameworks/AudioToolbox.framework</string>
			<key>sourceTree</key>
			<string>SDKROOT</string>
		</dict>
		<key>46FCEB271A5A7476009E5171</key>
		<dict>
			<key>isa</key>
			<string>PBXFileReference</string>
			<key>lastKnownFileType</key>
			<string>wrapper.framework</string>
			<key>name</key>
			<string>CFNetwork.framework</string>
			<key>path</key>
			<string>System/Library/Frameworks/CFNetwork.framework</string>
			<key>sourceTree</key>
			<string>SDKROOT</string>
		</dict>
		<key>46FCEB281A5A7476009E5171</key>
		<dict>
			<key>isa</key>
			<string>PBXFileReference</string>
			<key>lastKnownFileType</key>
			<string>wrapper.framework</string>
			<key>name</key>
			<string>CoreGraphics.framework</string>
			<key>path</key>
			<string>System/Library/Frameworks/CoreGraphics.framework</string>
			<key>sourceTree</key>
			<string>SDKROOT</string>
		</dict>
		<key>46FCEB291A5A7476009E5171</key>
		<dict>
			<key>isa</key>
			<string>PBXFileReference</string>
			<key>lastKnownFileType</key>
			<string>wrapper.framework</string>
			<key>name</key>
			<string>CoreLocation.framework</string>
			<key>path</key>
			<string>System/Library/Frameworks/CoreLocation.framework</string>
			<key>sourceTree</key>
			<string>SDKROOT</string>
		</dict>
		<key>46FCEB2A1A5A7476009E5171</key>
		<dict>
			<key>isa</key>
			<string>PBXFileReference</string>
			<key>lastKnownFileType</key>
			<string>wrapper.framework</string>
			<key>name</key>
			<string>MobileCoreServices.framework</string>
			<key>path</key>
			<string>System/Library/Frameworks/MobileCoreServices.framework</string>
			<key>sourceTree</key>
			<string>SDKROOT</string>
		</dict>
		<key>46FCEB2B1A5A7476009E5171</key>
		<dict>
			<key>isa</key>
			<string>PBXFileReference</string>
			<key>lastKnownFileType</key>
			<string>wrapper.framework</string>
			<key>name</key>
			<string>QuartzCore.framework</string>
			<key>path</key>
			<string>System/Library/Frameworks/QuartzCore.framework</string>
			<key>sourceTree</key>
			<string>SDKROOT</string>
		</dict>
		<key>46FCEB2C1A5A7476009E5171</key>
		<dict>
			<key>isa</key>
			<string>PBXFileReference</string>
			<key>lastKnownFileType</key>
			<string>wrapper.framework</string>
			<key>name</key>
			<string>Security.framework</string>
			<key>path</key>
			<string>System/Library/Frameworks/Security.framework</string>
			<key>sourceTree</key>
			<string>SDKROOT</string>
		</dict>
		<key>46FCEB2D1A5A7476009E5171</key>
		<dict>
			<key>isa</key>
			<string>PBXFileReference</string>
			<key>lastKnownFileType</key>
			<string>wrapper.framework</string>
			<key>name</key>
			<string>StoreKit.framework</string>
			<key>path</key>
			<string>System/Library/Frameworks/StoreKit.framework</string>
			<key>sourceTree</key>
			<string>SDKROOT</string>
		</dict>
		<key>46FCEB2E1A5A7476009E5171</key>
		<dict>
			<key>isa</key>
			<string>PBXFileReference</string>
			<key>lastKnownFileType</key>
			<string>wrapper.framework</string>
			<key>name</key>
			<string>SystemConfiguration.framework</string>
			<key>path</key>
			<string>System/Library/Frameworks/SystemConfiguration.framework</string>
			<key>sourceTree</key>
			<string>SDKROOT</string>
		</dict>
		<key>46FCEB2F1A5A7476009E5171</key>
		<dict>
			<key>fileRef</key>
			<string>46FCEB261A5A7476009E5171</string>
			<key>isa</key>
			<string>PBXBuildFile</string>
		</dict>
		<key>46FCEB301A5A7476009E5171</key>
		<dict>
			<key>fileRef</key>
			<string>46FCEB271A5A7476009E5171</string>
			<key>isa</key>
			<string>PBXBuildFile</string>
		</dict>
		<key>46FCEB311A5A7476009E5171</key>
		<dict>
			<key>fileRef</key>
			<string>46FCEB281A5A7476009E5171</string>
			<key>isa</key>
			<string>PBXBuildFile</string>
		</dict>
		<key>46FCEB321A5A7476009E5171</key>
		<dict>
			<key>fileRef</key>
			<string>46FCEB291A5A7476009E5171</string>
			<key>isa</key>
			<string>PBXBuildFile</string>
		</dict>
		<key>46FCEB331A5A7476009E5171</key>
		<dict>
			<key>fileRef</key>
			<string>46FCEB2A1A5A7476009E5171</string>
			<key>isa</key>
			<string>PBXBuildFile</string>
		</dict>
		<key>46FCEB341A5A7476009E5171</key>
		<dict>
			<key>fileRef</key>
			<string>46FCEB2B1A5A7476009E5171</string>
			<key>isa</key>
			<string>PBXBuildFile</string>
		</dict>
		<key>46FCEB351A5A7476009E5171</key>
		<dict>
			<key>fileRef</key>
			<string>46FCEB2C1A5A7476009E5171</string>
			<key>isa</key>
			<string>PBXBuildFile</string>
		</dict>
		<key>46FCEB361A5A7476009E5171</key>
		<dict>
			<key>fileRef</key>
			<string>46FCEB2D1A5A7476009E5171</string>
			<key>isa</key>
			<string>PBXBuildFile</string>
		</dict>
		<key>46FCEB371A5A7476009E5171</key>
		<dict>
			<key>fileRef</key>
			<string>46FCEB2E1A5A7476009E5171</string>
			<key>isa</key>
			<string>PBXBuildFile</string>
		</dict>
		<key>46FCEB381A5A7489009E5171</key>
		<dict>
			<key>isa</key>
			<string>PBXFileReference</string>
			<key>lastKnownFileType</key>
			<string>compiled.mach-o.dylib</string>
			<key>name</key>
			<string>libsqlite3.dylib</string>
			<key>path</key>
			<string>usr/lib/libsqlite3.dylib</string>
			<key>sourceTree</key>
			<string>SDKROOT</string>
		</dict>
		<key>46FCEB391A5A7489009E5171</key>
		<dict>
			<key>fileRef</key>
			<string>46FCEB381A5A7489009E5171</string>
			<key>isa</key>
			<string>PBXBuildFile</string>
		</dict>
		<key>46FCEB3A1A5A74BD009E5171</key>
		<dict>
			<key>children</key>
			<array>
				<string>46FCEB3B1A5A74BD009E5171</string>
				<string>46FCEB3C1A5A74BD009E5171</string>
				<string>46FCEB3D1A5A74BD009E5171</string>
				<string>46FCEB3E1A5A74BD009E5171</string>
				<string>46FCEB3F1A5A74BD009E5171</string>
			</array>
			<key>isa</key>
			<string>PBXGroup</string>
			<key>name</key>
			<string>parse-library-1.6.1</string>
			<key>path</key>
			<string>Board-Bullets/parse-library-1.6.1</string>
			<key>sourceTree</key>
			<string>&lt;group&gt;</string>
		</dict>
		<key>46FCEB3B1A5A74BD009E5171</key>
		<dict>
			<key>isa</key>
			<string>PBXFileReference</string>
			<key>lastKnownFileType</key>
			<string>wrapper.framework</string>
			<key>path</key>
			<string>Bolts.framework</string>
			<key>sourceTree</key>
			<string>&lt;group&gt;</string>
		</dict>
		<key>46FCEB3C1A5A74BD009E5171</key>
		<dict>
			<key>isa</key>
			<string>PBXFileReference</string>
			<key>lastKnownFileType</key>
			<string>wrapper.framework</string>
			<key>path</key>
			<string>Parse.framework</string>
			<key>sourceTree</key>
			<string>&lt;group&gt;</string>
		</dict>
		<key>46FCEB3D1A5A74BD009E5171</key>
		<dict>
			<key>isa</key>
			<string>PBXFileReference</string>
			<key>lastKnownFileType</key>
			<string>wrapper.framework</string>
			<key>path</key>
			<string>ParseCrashReporting.framework</string>
			<key>sourceTree</key>
			<string>&lt;group&gt;</string>
		</dict>
		<key>46FCEB3E1A5A74BD009E5171</key>
		<dict>
			<key>isa</key>
			<string>PBXFileReference</string>
			<key>lastKnownFileType</key>
			<string>wrapper.framework</string>
			<key>path</key>
			<string>ParseFacebookUtils.framework</string>
			<key>sourceTree</key>
			<string>&lt;group&gt;</string>
		</dict>
		<key>46FCEB3F1A5A74BD009E5171</key>
		<dict>
			<key>isa</key>
			<string>PBXFileReference</string>
			<key>lastKnownFileType</key>
			<string>wrapper.framework</string>
			<key>path</key>
			<string>ParseUI.framework</string>
			<key>sourceTree</key>
			<string>&lt;group&gt;</string>
		</dict>
		<key>46FCEB401A5A74BD009E5171</key>
		<dict>
			<key>fileRef</key>
			<string>46FCEB3B1A5A74BD009E5171</string>
			<key>isa</key>
			<string>PBXBuildFile</string>
		</dict>
		<key>46FCEB411A5A74BD009E5171</key>
		<dict>
			<key>fileRef</key>
			<string>46FCEB3C1A5A74BD009E5171</string>
			<key>isa</key>
			<string>PBXBuildFile</string>
		</dict>
		<key>46FCEB421A5A74BD009E5171</key>
		<dict>
			<key>fileRef</key>
			<string>46FCEB3D1A5A74BD009E5171</string>
			<key>isa</key>
			<string>PBXBuildFile</string>
		</dict>
		<key>46FCEB431A5A74BD009E5171</key>
		<dict>
			<key>fileRef</key>
			<string>46FCEB3E1A5A74BD009E5171</string>
			<key>isa</key>
			<string>PBXBuildFile</string>
		</dict>
		<key>46FCEB441A5A74BD009E5171</key>
		<dict>
			<key>fileRef</key>
			<string>46FCEB3F1A5A74BD009E5171</string>
			<key>isa</key>
			<string>PBXBuildFile</string>
		</dict>
		<key>46FCEB451A5A74CA009E5171</key>
		<dict>
			<key>children</key>
			<array>
				<string>467770D91A68866B00A5F386</string>
				<string>46CFB1511A6789F60091BCE9</string>
				<string>469C65D21A5FBEBA00758740</string>
				<string>469C65D31A5FBEBA00758740</string>
				<string>469C65D71A5FBF2A00758740</string>
				<string>7FA5F91424797CEA6B48C47F</string>
			</array>
			<key>isa</key>
			<string>PBXGroup</string>
			<key>name</key>
			<string>Frameworks</string>
			<key>sourceTree</key>
			<string>&lt;group&gt;</string>
		</dict>
		<key>46FCEB461A5A7515009E5171</key>
		<dict>
			<key>isa</key>
			<string>PBXFileReference</string>
			<key>lastKnownFileType</key>
			<string>sourcecode.c.h</string>
			<key>path</key>
			<string>Board-Bullets-Bridging-Header.h</string>
			<key>sourceTree</key>
			<string>&lt;group&gt;</string>
		</dict>
		<key>46FCEB4A1A5A765F009E5171</key>
		<dict>
			<key>fileEncoding</key>
			<string>4</string>
			<key>isa</key>
			<string>PBXFileReference</string>
			<key>lastKnownFileType</key>
			<string>text.plist.xml</string>
			<key>path</key>
			<string>API-Keys.plist</string>
			<key>sourceTree</key>
			<string>&lt;group&gt;</string>
		</dict>
		<key>46FCEB4B1A5A765F009E5171</key>
		<dict>
			<key>fileRef</key>
			<string>46FCEB4A1A5A765F009E5171</string>
			<key>isa</key>
			<string>PBXBuildFile</string>
		</dict>
		<key>46FCEB4C1A5A814F009E5171</key>
		<dict>
			<key>fileEncoding</key>
			<string>4</string>
			<key>isa</key>
			<string>PBXFileReference</string>
			<key>lastKnownFileType</key>
			<string>sourcecode.swift</string>
			<key>path</key>
			<string>PopNoAnimationSegue.swift</string>
			<key>sourceTree</key>
			<string>&lt;group&gt;</string>
		</dict>
		<key>46FCEB4D1A5A814F009E5171</key>
		<dict>
			<key>fileEncoding</key>
			<string>4</string>
			<key>isa</key>
			<string>PBXFileReference</string>
			<key>lastKnownFileType</key>
			<string>sourcecode.swift</string>
			<key>path</key>
			<string>PushNoAnimationSegue.swift</string>
			<key>sourceTree</key>
			<string>&lt;group&gt;</string>
		</dict>
		<key>46FCEB4E1A5A814F009E5171</key>
		<dict>
			<key>fileRef</key>
			<string>46FCEB4C1A5A814F009E5171</string>
			<key>isa</key>
			<string>PBXBuildFile</string>
		</dict>
		<key>46FCEB4F1A5A814F009E5171</key>
		<dict>
			<key>fileRef</key>
			<string>46FCEB4D1A5A814F009E5171</string>
			<key>isa</key>
			<string>PBXBuildFile</string>
		</dict>
		<key>46FCEB501A5A8152009E5171</key>
		<dict>
			<key>children</key>
			<array>
				<string>46FCEB4C1A5A814F009E5171</string>
				<string>46FCEB4D1A5A814F009E5171</string>
			</array>
			<key>isa</key>
			<string>PBXGroup</string>
			<key>name</key>
			<string>Transitions</string>
			<key>sourceTree</key>
			<string>&lt;group&gt;</string>
		</dict>
		<key>46FCEB531A5A81DE009E5171</key>
		<dict>
			<key>fileEncoding</key>
			<string>4</string>
			<key>isa</key>
			<string>PBXFileReference</string>
			<key>lastKnownFileType</key>
			<string>sourcecode.swift</string>
			<key>path</key>
			<string>WelcomeViewController.swift</string>
			<key>sourceTree</key>
			<string>&lt;group&gt;</string>
		</dict>
		<key>46FCEB541A5A81DE009E5171</key>
		<dict>
			<key>fileRef</key>
			<string>46FCEB531A5A81DE009E5171</string>
			<key>isa</key>
			<string>PBXBuildFile</string>
		</dict>
		<key>46FCEB571A5A95D2009E5171</key>
		<dict>
			<key>fileEncoding</key>
			<string>4</string>
			<key>isa</key>
			<string>PBXFileReference</string>
			<key>lastKnownFileType</key>
			<string>sourcecode.swift</string>
			<key>path</key>
			<string>LoginViewController.swift</string>
			<key>sourceTree</key>
			<string>&lt;group&gt;</string>
		</dict>
		<key>46FCEB581A5A95D2009E5171</key>
		<dict>
			<key>fileRef</key>
			<string>46FCEB571A5A95D2009E5171</string>
			<key>isa</key>
			<string>PBXBuildFile</string>
		</dict>
		<key>46FCEB5B1A5A95E5009E5171</key>
		<dict>
			<key>children</key>
			<array>
				<string>46FBFE371A6999C000B53C4E</string>
				<string>46FCEB5C1A5A95F1009E5171</string>
			</array>
			<key>isa</key>
			<string>PBXGroup</string>
			<key>name</key>
			<string>View Controllers</string>
			<key>sourceTree</key>
			<string>&lt;group&gt;</string>
		</dict>
		<key>46FCEB5C1A5A95F1009E5171</key>
		<dict>
			<key>children</key>
			<array>
				<string>46FCEB531A5A81DE009E5171</string>
				<string>46FCEB571A5A95D2009E5171</string>
				<string>467772B71A68CA3E00A5F386</string>
			</array>
			<key>isa</key>
			<string>PBXGroup</string>
			<key>name</key>
			<string>Onboarding</string>
			<key>sourceTree</key>
			<string>&lt;group&gt;</string>
		</dict>
		<key>46FCEB5F1A5A9B7E009E5171</key>
		<dict>
			<key>fileEncoding</key>
			<string>4</string>
			<key>isa</key>
			<string>PBXFileReference</string>
			<key>lastKnownFileType</key>
			<string>sourcecode.swift</string>
			<key>path</key>
			<string>UIViewControllerExtension.swift</string>
			<key>sourceTree</key>
			<string>&lt;group&gt;</string>
		</dict>
		<key>46FCEB601A5A9B7E009E5171</key>
		<dict>
			<key>fileRef</key>
			<string>46FCEB5F1A5A9B7E009E5171</string>
			<key>isa</key>
			<string>PBXBuildFile</string>
		</dict>
		<key>7FA5F91424797CEA6B48C47F</key>
		<dict>
			<key>explicitFileType</key>
			<string>archive.ar</string>
			<key>includeInIndex</key>
			<string>0</string>
			<key>isa</key>
			<string>PBXFileReference</string>
			<key>path</key>
			<string>libPods.a</string>
			<key>sourceTree</key>
			<string>BUILT_PRODUCTS_DIR</string>
		</dict>
		<key>81B85BD7FD65CFF5B327FA44</key>
		<dict>
			<key>buildActionMask</key>
			<string>2147483647</string>
			<key>files</key>
			<array/>
			<key>inputPaths</key>
			<array/>
			<key>isa</key>
			<string>PBXShellScriptBuildPhase</string>
			<key>name</key>
			<string>Copy Pods Resources</string>
			<key>outputPaths</key>
			<array/>
			<key>runOnlyForDeploymentPostprocessing</key>
			<string>0</string>
			<key>shellPath</key>
			<string>/bin/sh</string>
			<key>shellScript</key>
			<string>"${SRCROOT}/Pods/Target Support Files/Pods/Pods-resources.sh"
</string>
			<key>showEnvVarsInLog</key>
			<string>0</string>
		</dict>
		<key>B194365CCA50AC00AB89E357</key>
		<dict>
			<key>children</key>
			<array>
				<string>DB8E329E9332B5E8AFBAEE59</string>
				<string>D14B3B6E63B5A47EF7FDDFB6</string>
			</array>
			<key>isa</key>
			<string>PBXGroup</string>
			<key>name</key>
			<string>Pods</string>
			<key>sourceTree</key>
			<string>&lt;group&gt;</string>
		</dict>
		<key>D14B3B6E63B5A47EF7FDDFB6</key>
		<dict>
			<key>includeInIndex</key>
			<string>1</string>
			<key>isa</key>
			<string>PBXFileReference</string>
			<key>lastKnownFileType</key>
			<string>text.xcconfig</string>
			<key>name</key>
			<string>Pods.release.xcconfig</string>
			<key>path</key>
			<string>Pods/Target Support Files/Pods/Pods.release.xcconfig</string>
			<key>sourceTree</key>
			<string>&lt;group&gt;</string>
		</dict>
		<key>DB8E329E9332B5E8AFBAEE59</key>
		<dict>
			<key>includeInIndex</key>
			<string>1</string>
			<key>isa</key>
			<string>PBXFileReference</string>
			<key>lastKnownFileType</key>
			<string>text.xcconfig</string>
			<key>name</key>
			<string>Pods.debug.xcconfig</string>
			<key>path</key>
			<string>Pods/Target Support Files/Pods/Pods.debug.xcconfig</string>
			<key>sourceTree</key>
			<string>&lt;group&gt;</string>
		</dict>
	</dict>
	<key>rootObject</key>
	<string>46FCEAF71A5A7116009E5171</string>
</dict>
</plist>
