// !$*UTF8*$!
{
	archiveVersion = 1;
	classes = {
	};
	objectVersion = 46;
	objects = {

/* Begin PBXBuildFile section */
		46FCEB051A5A7116009E5171 /* AppDelegate.swift in Sources */ = {isa = PBXBuildFile; fileRef = 46FCEB041A5A7116009E5171 /* AppDelegate.swift */; };
		46FCEB071A5A7116009E5171 /* ViewController.swift in Sources */ = {isa = PBXBuildFile; fileRef = 46FCEB061A5A7116009E5171 /* ViewController.swift */; };
		46FCEB0A1A5A7116009E5171 /* Main.storyboard in Resources */ = {isa = PBXBuildFile; fileRef = 46FCEB081A5A7116009E5171 /* Main.storyboard */; };
		46FCEB0C1A5A7116009E5171 /* Images.xcassets in Resources */ = {isa = PBXBuildFile; fileRef = 46FCEB0B1A5A7116009E5171 /* Images.xcassets */; };
		46FCEB0F1A5A7116009E5171 /* LaunchScreen.xib in Resources */ = {isa = PBXBuildFile; fileRef = 46FCEB0D1A5A7116009E5171 /* LaunchScreen.xib */; };
		46FCEB1B1A5A7116009E5171 /* Board_BulletsTests.swift in Sources */ = {isa = PBXBuildFile; fileRef = 46FCEB1A1A5A7116009E5171 /* Board_BulletsTests.swift */; };
/* End PBXBuildFile section */

/* Begin PBXContainerItemProxy section */
		46FCEB151A5A7116009E5171 /* PBXContainerItemProxy */ = {
			isa = PBXContainerItemProxy;
			containerPortal = 46FCEAF71A5A7116009E5171 /* Project object */;
			proxyType = 1;
			remoteGlobalIDString = 46FCEAFE1A5A7116009E5171;
			remoteInfo = "Board-Bullets";
		};
/* End PBXContainerItemProxy section */

/* Begin PBXFileReference section */
		46FCEAFF1A5A7116009E5171 /* Board-Bullets.app */ = {isa = PBXFileReference; explicitFileType = wrapper.application; includeInIndex = 0; path = "Board-Bullets.app"; sourceTree = BUILT_PRODUCTS_DIR; };
		46FCEB031A5A7116009E5171 /* Info.plist */ = {isa = PBXFileReference; lastKnownFileType = text.plist.xml; path = Info.plist; sourceTree = "<group>"; };
		46FCEB041A5A7116009E5171 /* AppDelegate.swift */ = {isa = PBXFileReference; lastKnownFileType = sourcecode.swift; path = AppDelegate.swift; sourceTree = "<group>"; };
		46FCEB061A5A7116009E5171 /* ViewController.swift */ = {isa = PBXFileReference; lastKnownFileType = sourcecode.swift; path = ViewController.swift; sourceTree = "<group>"; };
		46FCEB091A5A7116009E5171 /* Base */ = {isa = PBXFileReference; lastKnownFileType = file.storyboard; name = Base; path = Base.lproj/Main.storyboard; sourceTree = "<group>"; };
		46FCEB0B1A5A7116009E5171 /* Images.xcassets */ = {isa = PBXFileReference; lastKnownFileType = folder.assetcatalog; path = Images.xcassets; sourceTree = "<group>"; };
		46FCEB0E1A5A7116009E5171 /* Base */ = {isa = PBXFileReference; lastKnownFileType = file.xib; name = Base; path = Base.lproj/LaunchScreen.xib; sourceTree = "<group>"; };
		46FCEB141A5A7116009E5171 /* Board-BulletsTests.xctest */ = {isa = PBXFileReference; explicitFileType = wrapper.cfbundle; includeInIndex = 0; path = "Board-BulletsTests.xctest"; sourceTree = BUILT_PRODUCTS_DIR; };
		46FCEB191A5A7116009E5171 /* Info.plist */ = {isa = PBXFileReference; lastKnownFileType = text.plist.xml; path = Info.plist; sourceTree = "<group>"; };
		46FCEB1A1A5A7116009E5171 /* Board_BulletsTests.swift */ = {isa = PBXFileReference; lastKnownFileType = sourcecode.swift; path = Board_BulletsTests.swift; sourceTree = "<group>"; };
/* End PBXFileReference section */

/* Begin PBXFrameworksBuildPhase section */
		46FCEAFC1A5A7116009E5171 /* Frameworks */ = {
			isa = PBXFrameworksBuildPhase;
			buildActionMask = 2147483647;
			files = (
			);
			runOnlyForDeploymentPostprocessing = 0;
		};
		46FCEB111A5A7116009E5171 /* Frameworks */ = {
			isa = PBXFrameworksBuildPhase;
			buildActionMask = 2147483647;
			files = (
			);
			runOnlyForDeploymentPostprocessing = 0;
		};
/* End PBXFrameworksBuildPhase section */

/* Begin PBXGroup section */
		46FCEAF61A5A7116009E5171 = {
			isa = PBXGroup;
			children = (
				46FCEB011A5A7116009E5171 /* Board-Bullets */,
				46FCEB171A5A7116009E5171 /* Board-BulletsTests */,
				46FCEB001A5A7116009E5171 /* Products */,
			);
			sourceTree = "<group>";
		};
		46FCEB001A5A7116009E5171 /* Products */ = {
			isa = PBXGroup;
			children = (
				46FCEAFF1A5A7116009E5171 /* Board-Bullets.app */,
				46FCEB141A5A7116009E5171 /* Board-BulletsTests.xctest */,
			);
			name = Products;
			sourceTree = "<group>";
		};
		46FCEB011A5A7116009E5171 /* Board-Bullets */ = {
			isa = PBXGroup;
			children = (
				46FCEB041A5A7116009E5171 /* AppDelegate.swift */,
				46FCEB061A5A7116009E5171 /* ViewController.swift */,
				46FCEB081A5A7116009E5171 /* Main.storyboard */,
				46FCEB0B1A5A7116009E5171 /* Images.xcassets */,
				46FCEB0D1A5A7116009E5171 /* LaunchScreen.xib */,
				46FCEB021A5A7116009E5171 /* Supporting Files */,
			);
			path = "Board-Bullets";
			sourceTree = "<group>";
		};
		46FCEB021A5A7116009E5171 /* Supporting Files */ = {
			isa = PBXGroup;
			children = (
				46FCEB031A5A7116009E5171 /* Info.plist */,
			);
			name = "Supporting Files";
			sourceTree = "<group>";
		};
		46FCEB171A5A7116009E5171 /* Board-BulletsTests */ = {
			isa = PBXGroup;
			children = (
				46FCEB1A1A5A7116009E5171 /* Board_BulletsTests.swift */,
				46FCEB181A5A7116009E5171 /* Supporting Files */,
			);
			path = "Board-BulletsTests";
			sourceTree = "<group>";
		};
		46FCEB181A5A7116009E5171 /* Supporting Files */ = {
			isa = PBXGroup;
			children = (
				46FCEB191A5A7116009E5171 /* Info.plist */,
			);
			name = "Supporting Files";
			sourceTree = "<group>";
		};
/* End PBXGroup section */

/* Begin PBXNativeTarget section */
		46FCEAFE1A5A7116009E5171 /* Board-Bullets */ = {
			isa = PBXNativeTarget;
			buildConfigurationList = 46FCEB1E1A5A7116009E5171 /* Build configuration list for PBXNativeTarget "Board-Bullets" */;
			buildPhases = (
				46FCEAFB1A5A7116009E5171 /* Sources */,
				46FCEAFC1A5A7116009E5171 /* Frameworks */,
				46FCEAFD1A5A7116009E5171 /* Resources */,
			);
			buildRules = (
			);
			dependencies = (
			);
			name = "Board-Bullets";
			productName = "Board-Bullets";
			productReference = 46FCEAFF1A5A7116009E5171 /* Board-Bullets.app */;
			productType = "com.apple.product-type.application";
		};
		46FCEB131A5A7116009E5171 /* Board-BulletsTests */ = {
			isa = PBXNativeTarget;
			buildConfigurationList = 46FCEB211A5A7116009E5171 /* Build configuration list for PBXNativeTarget "Board-BulletsTests" */;
			buildPhases = (
				46FCEB101A5A7116009E5171 /* Sources */,
				46FCEB111A5A7116009E5171 /* Frameworks */,
				46FCEB121A5A7116009E5171 /* Resources */,
			);
			buildRules = (
			);
			dependencies = (
				46FCEB161A5A7116009E5171 /* PBXTargetDependency */,
			);
			name = "Board-BulletsTests";
			productName = "Board-BulletsTests";
			productReference = 46FCEB141A5A7116009E5171 /* Board-BulletsTests.xctest */;
			productType = "com.apple.product-type.bundle.unit-test";
		};
/* End PBXNativeTarget section */

/* Begin PBXProject section */
		46FCEAF71A5A7116009E5171 /* Project object */ = {
			isa = PBXProject;
			attributes = {
				LastUpgradeCheck = 0610;
				ORGANIZATIONNAME = "Andrew Breckenridge";
				TargetAttributes = {
					46FCEAFE1A5A7116009E5171 = {
						CreatedOnToolsVersion = 6.1.1;
					};
					46FCEB131A5A7116009E5171 = {
						CreatedOnToolsVersion = 6.1.1;
						TestTargetID = 46FCEAFE1A5A7116009E5171;
					};
				};
			};
			buildConfigurationList = 46FCEAFA1A5A7116009E5171 /* Build configuration list for PBXProject "Board-Bullets" */;
			compatibilityVersion = "Xcode 3.2";
			developmentRegion = English;
			hasScannedForEncodings = 0;
			knownRegions = (
				en,
				Base,
			);
			mainGroup = 46FCEAF61A5A7116009E5171;
			productRefGroup = 46FCEB001A5A7116009E5171 /* Products */;
			projectDirPath = "";
			projectRoot = "";
			targets = (
				46FCEAFE1A5A7116009E5171 /* Board-Bullets */,
				46FCEB131A5A7116009E5171 /* Board-BulletsTests */,
			);
		};
/* End PBXProject section */

/* Begin PBXResourcesBuildPhase section */
		46FCEAFD1A5A7116009E5171 /* Resources */ = {
			isa = PBXResourcesBuildPhase;
			buildActionMask = 2147483647;
			files = (
				46FCEB0A1A5A7116009E5171 /* Main.storyboard in Resources */,
				46FCEB0F1A5A7116009E5171 /* LaunchScreen.xib in Resources */,
				46FCEB0C1A5A7116009E5171 /* Images.xcassets in Resources */,
			);
			runOnlyForDeploymentPostprocessing = 0;
		};
		46FCEB121A5A7116009E5171 /* Resources */ = {
			isa = PBXResourcesBuildPhase;
			buildActionMask = 2147483647;
			files = (
			);
			runOnlyForDeploymentPostprocessing = 0;
		};
/* End PBXResourcesBuildPhase section */

/* Begin PBXSourcesBuildPhase section */
		46FCEAFB1A5A7116009E5171 /* Sources */ = {
			isa = PBXSourcesBuildPhase;
			buildActionMask = 2147483647;
			files = (
				46FCEB071A5A7116009E5171 /* ViewController.swift in Sources */,
				46FCEB051A5A7116009E5171 /* AppDelegate.swift in Sources */,
			);
			runOnlyForDeploymentPostprocessing = 0;
		};
		46FCEB101A5A7116009E5171 /* Sources */ = {
			isa = PBXSourcesBuildPhase;
			buildActionMask = 2147483647;
			files = (
				46FCEB1B1A5A7116009E5171 /* Board_BulletsTests.swift in Sources */,
			);
			runOnlyForDeploymentPostprocessing = 0;
		};
/* End PBXSourcesBuildPhase section */

/* Begin PBXTargetDependency section */
		46FCEB161A5A7116009E5171 /* PBXTargetDependency */ = {
			isa = PBXTargetDependency;
			target = 46FCEAFE1A5A7116009E5171 /* Board-Bullets */;
			targetProxy = 46FCEB151A5A7116009E5171 /* PBXContainerItemProxy */;
		};
/* End PBXTargetDependency section */

/* Begin PBXVariantGroup section */
		46FCEB081A5A7116009E5171 /* Main.storyboard */ = {
			isa = PBXVariantGroup;
			children = (
				46FCEB091A5A7116009E5171 /* Base */,
			);
			name = Main.storyboard;
			sourceTree = "<group>";
		};
		46FCEB0D1A5A7116009E5171 /* LaunchScreen.xib */ = {
			isa = PBXVariantGroup;
			children = (
				46FCEB0E1A5A7116009E5171 /* Base */,
			);
			name = LaunchScreen.xib;
			sourceTree = "<group>";
		};
/* End PBXVariantGroup section */

/* Begin XCBuildConfiguration section */
		46FCEB1C1A5A7116009E5171 /* Debug */ = {
			isa = XCBuildConfiguration;
			buildSettings = {
				ALWAYS_SEARCH_USER_PATHS = NO;
				CLANG_CXX_LANGUAGE_STANDARD = "gnu++0x";
				CLANG_CXX_LIBRARY = "libc++";
				CLANG_ENABLE_MODULES = YES;
				CLANG_ENABLE_OBJC_ARC = YES;
				CLANG_WARN_BOOL_CONVERSION = YES;
				CLANG_WARN_CONSTANT_CONVERSION = YES;
				CLANG_WARN_DIRECT_OBJC_ISA_USAGE = YES_ERROR;
				CLANG_WARN_EMPTY_BODY = YES;
				CLANG_WARN_ENUM_CONVERSION = YES;
				CLANG_WARN_INT_CONVERSION = YES;
				CLANG_WARN_OBJC_ROOT_CLASS = YES_ERROR;
				CLANG_WARN_UNREACHABLE_CODE = YES;
				CLANG_WARN__DUPLICATE_METHOD_MATCH = YES;
				"CODE_SIGN_IDENTITY[sdk=iphoneos*]" = "iPhone Developer";
				COPY_PHASE_STRIP = NO;
				ENABLE_STRICT_OBJC_MSGSEND = YES;
				GCC_C_LANGUAGE_STANDARD = gnu99;
				GCC_DYNAMIC_NO_PIC = NO;
				GCC_OPTIMIZATION_LEVEL = 0;
				GCC_PREPROCESSOR_DEFINITIONS = (
					"DEBUG=1",
					"$(inherited)",
				);
				GCC_SYMBOLS_PRIVATE_EXTERN = NO;
				GCC_WARN_64_TO_32_BIT_CONVERSION = YES;
				GCC_WARN_ABOUT_RETURN_TYPE = YES_ERROR;
				GCC_WARN_UNDECLARED_SELECTOR = YES;
				GCC_WARN_UNINITIALIZED_AUTOS = YES_AGGRESSIVE;
				GCC_WARN_UNUSED_FUNCTION = YES;
				GCC_WARN_UNUSED_VARIABLE = YES;
				IPHONEOS_DEPLOYMENT_TARGET = 7.0;
				MTL_ENABLE_DEBUG_INFO = YES;
				ONLY_ACTIVE_ARCH = YES;
				SDKROOT = iphoneos;
				SWIFT_OPTIMIZATION_LEVEL = "-Onone";
			};
			name = Debug;
		};
		46FCEB1D1A5A7116009E5171 /* Release */ = {
			isa = XCBuildConfiguration;
			buildSettings = {
				ALWAYS_SEARCH_USER_PATHS = NO;
				CLANG_CXX_LANGUAGE_STANDARD = "gnu++0x";
				CLANG_CXX_LIBRARY = "libc++";
				CLANG_ENABLE_MODULES = YES;
				CLANG_ENABLE_OBJC_ARC = YES;
				CLANG_WARN_BOOL_CONVERSION = YES;
				CLANG_WARN_CONSTANT_CONVERSION = YES;
				CLANG_WARN_DIRECT_OBJC_ISA_USAGE = YES_ERROR;
				CLANG_WARN_EMPTY_BODY = YES;
				CLANG_WARN_ENUM_CONVERSION = YES;
				CLANG_WARN_INT_CONVERSION = YES;
				CLANG_WARN_OBJC_ROOT_CLASS = YES_ERROR;
				CLANG_WARN_UNREACHABLE_CODE = YES;
				CLANG_WARN__DUPLICATE_METHOD_MATCH = YES;
				"CODE_SIGN_IDENTITY[sdk=iphoneos*]" = "iPhone Developer";
				COPY_PHASE_STRIP = YES;
				ENABLE_NS_ASSERTIONS = NO;
				ENABLE_STRICT_OBJC_MSGSEND = YES;
				GCC_C_LANGUAGE_STANDARD = gnu99;
				GCC_WARN_64_TO_32_BIT_CONVERSION = YES;
				GCC_WARN_ABOUT_RETURN_TYPE = YES_ERROR;
				GCC_WARN_UNDECLARED_SELECTOR = YES;
				GCC_WARN_UNINITIALIZED_AUTOS = YES_AGGRESSIVE;
				GCC_WARN_UNUSED_FUNCTION = YES;
				GCC_WARN_UNUSED_VARIABLE = YES;
				IPHONEOS_DEPLOYMENT_TARGET = 7.0;
				MTL_ENABLE_DEBUG_INFO = NO;
				SDKROOT = iphoneos;
				VALIDATE_PRODUCT = YES;
			};
			name = Release;
		};
		46FCEB1F1A5A7116009E5171 /* Debug */ = {
			isa = XCBuildConfiguration;
			buildSettings = {
				ASSETCATALOG_COMPILER_APPICON_NAME = AppIcon;
				INFOPLIST_FILE = "Board-Bullets/Info.plist";
				IPHONEOS_DEPLOYMENT_TARGET = 7.0;
				LD_RUNPATH_SEARCH_PATHS = "$(inherited) @executable_path/Frameworks";
				PRODUCT_NAME = "$(TARGET_NAME)";
			};
			name = Debug;
		};
		46FCEB201A5A7116009E5171 /* Release */ = {
			isa = XCBuildConfiguration;
			buildSettings = {
				ASSETCATALOG_COMPILER_APPICON_NAME = AppIcon;
				INFOPLIST_FILE = "Board-Bullets/Info.plist";
				IPHONEOS_DEPLOYMENT_TARGET = 7.0;
				LD_RUNPATH_SEARCH_PATHS = "$(inherited) @executable_path/Frameworks";
				PRODUCT_NAME = "$(TARGET_NAME)";
			};
			name = Release;
		};
		46FCEB221A5A7116009E5171 /* Debug */ = {
			isa = XCBuildConfiguration;
			buildSettings = {
				BUNDLE_LOADER = "$(TEST_HOST)";
				FRAMEWORK_SEARCH_PATHS = (
					"$(SDKROOT)/Developer/Library/Frameworks",
					"$(inherited)",
				);
				GCC_PREPROCESSOR_DEFINITIONS = (
					"DEBUG=1",
					"$(inherited)",
				);
				INFOPLIST_FILE = "Board-BulletsTests/Info.plist";
				LD_RUNPATH_SEARCH_PATHS = "$(inherited) @executable_path/Frameworks @loader_path/Frameworks";
				PRODUCT_NAME = "$(TARGET_NAME)";
				TEST_HOST = "$(BUILT_PRODUCTS_DIR)/Board-Bullets.app/Board-Bullets";
			};
			name = Debug;
		};
		46FCEB231A5A7116009E5171 /* Release */ = {
			isa = XCBuildConfiguration;
			buildSettings = {
				BUNDLE_LOADER = "$(TEST_HOST)";
				FRAMEWORK_SEARCH_PATHS = (
					"$(SDKROOT)/Developer/Library/Frameworks",
					"$(inherited)",
				);
				INFOPLIST_FILE = "Board-BulletsTests/Info.plist";
				LD_RUNPATH_SEARCH_PATHS = "$(inherited) @executable_path/Frameworks @loader_path/Frameworks";
				PRODUCT_NAME = "$(TARGET_NAME)";
				TEST_HOST = "$(BUILT_PRODUCTS_DIR)/Board-Bullets.app/Board-Bullets";
			};
			name = Release;
		};
/* End XCBuildConfiguration section */

/* Begin XCConfigurationList section */
		46FCEAFA1A5A7116009E5171 /* Build configuration list for PBXProject "Board-Bullets" */ = {
			isa = XCConfigurationList;
			buildConfigurations = (
				46FCEB1C1A5A7116009E5171 /* Debug */,
				46FCEB1D1A5A7116009E5171 /* Release */,
			);
			defaultConfigurationIsVisible = 0;
			defaultConfigurationName = Release;
		};
		46FCEB1E1A5A7116009E5171 /* Build configuration list for PBXNativeTarget "Board-Bullets" */ = {
			isa = XCConfigurationList;
			buildConfigurations = (
				46FCEB1F1A5A7116009E5171 /* Debug */,
				46FCEB201A5A7116009E5171 /* Release */,
			);
			defaultConfigurationIsVisible = 0;
		};
		46FCEB211A5A7116009E5171 /* Build configuration list for PBXNativeTarget "Board-BulletsTests" */ = {
			isa = XCConfigurationList;
			buildConfigurations = (
				46FCEB221A5A7116009E5171 /* Debug */,
				46FCEB231A5A7116009E5171 /* Release */,
			);
			defaultConfigurationIsVisible = 0;
		};
/* End XCConfigurationList section */
	};
	rootObject = 46FCEAF71A5A7116009E5171 /* Project object */;
}
